// !$*UTF8*$!
{
	archiveVersion = 1;
	classes = {
	};
	objectVersion = 56;
	objects = {

/* Begin PBXBuildFile section */
		0177C034AE8CBD8251E87809 /* RDLNewReportPanel.xib in Resources */ = {isa = PBXBuildFile; fileRef = 8399CC90B6584EEB8751BAD3 /* RDLNewReportPanel.xib */; };
		020F2C1DAA62304129E64EC4 /* RDLExpressionHelper.m in Sources */ = {isa = PBXBuildFile; fileRef = CEBAF52830470D1500D62319 /* RDLExpressionHelper.m */; };
		04CF4D9048301BEEE8ED0513 /* AppKit.framework in Frameworks */ = {isa = PBXBuildFile; fileRef = 5B7068E3A597C2544433CB15 /* AppKit.framework */; };
		09B7F4F94CF7B7CAD50CC62C /* RDLCompatibility.h in Headers */ = {isa = PBXBuildFile; fileRef = 0870B1CA8FCBFEE09BFC85EF /* RDLCompatibility.h */; settings = {ATTRIBUTES = (Public, ); }; };
		0C89ABD04BA653D7357D3688 /* RDLImporter.h in Headers */ = {isa = PBXBuildFile; fileRef = D0E2612F70B1AC04570C5BC5 /* RDLImporter.h */; settings = {ATTRIBUTES = (Public, ); }; };
		0EF8A1B103C3BAC6DA99890B /* RDLRichTextFormatter.m in Sources */ = {isa = PBXBuildFile; fileRef = 701CC6AEAF76424D92FDAD30 /* RDLRichTextFormatter.m */; };
		054907D502906770EABE040B /* RDLExpressionEditor.xib in Resources */ = {isa = PBXBuildFile; fileRef = 5421B5A4D5EEB992DA5D7F10 /* RDLExpressionEditor.xib */; };
		0F974518B2EF46F9790D99D1 /* RDLTablixEditor.xib in Resources */ = {isa = PBXBuildFile; fileRef = 6CABBF53E00B2DB406D58975 /* RDLTablixEditor.xib */; };
		0FEF055A10144BEB0846DD94 /* Foundation.framework in Frameworks */ = {isa = PBXBuildFile; fileRef = 5FAFB6AF50417D519888C179 /* Foundation.framework */; };
		15172DE8214E9EDE7FF97C4C /* RDLGenerator.h in Headers */ = {isa = PBXBuildFile; fileRef = 27ECA835280D45B396FB5C44 /* RDLGenerator.h */; settings = {ATTRIBUTES = (Public, ); }; };
		1724A67DAAA0BDBCB829D7FF /* RDLKit.framework in Embed Frameworks */ = {isa = PBXBuildFile; fileRef = 36F476BBE541DC85EE2D7647 /* RDLKit.framework */; settings = {ATTRIBUTES = (CodeSignOnCopy, RemoveHeadersOnCopy, ); }; };
		17354ADEBD0361ECCDD84BF6 /* RDLRichTextCodec.m in Sources */ = {isa = PBXBuildFile; fileRef = BC0759CCB84484DB344078DA /* RDLRichTextCodec.m */; };
		1AB417A75C1794728E68D04E /* main.m in Sources */ = {isa = PBXBuildFile; fileRef = DC31C18582DB97C5DF6573CD /* main.m */; };
		207F62C4B325286E32DA36CC /* RDLDataView.m in Sources */ = {isa = PBXBuildFile; fileRef = 56FF59445895326DCEBE3E51 /* RDLDataView.m */; };
		247A1B99F9F61E2ED8DBF10A /* RDLLayoutEngine.m in Sources */ = {isa = PBXBuildFile; fileRef = BB06AE65D2508BE359426E27 /* RDLLayoutEngine.m */; };
		2542A9DFAC29096649324061 /* RDLKit.framework in Frameworks */ = {isa = PBXBuildFile; fileRef = 36F476BBE541DC85EE2D7647 /* RDLKit.framework */; };
		2731EC6B0410997E622038AA /* RDLDocument.m in Sources */ = {isa = PBXBuildFile; fileRef = 35147D841AE926FFE3AD77B1 /* RDLDocument.m */; };
		2B80B4158AB80762ACC2F590 /* RDLEditor.m in Sources */ = {isa = PBXBuildFile; fileRef = 6541F77535AD3E1373D82122 /* RDLEditor.m */; };
		2DFB5C7E09C9DCC1AA15EC1C /* RDLOutlineDataSource.m in Sources */ = {isa = PBXBuildFile; fileRef = 67866694DB877F0F4DA854A9 /* RDLOutlineDataSource.m */; };
		2F259D5D4809D39F5BB5823F /* RDLHTMLBackend.m in Sources */ = {isa = PBXBuildFile; fileRef = 2678A8FD3DE3C6832EB942ED /* RDLHTMLBackend.m */; };
		2F55F4B8430F65CA1B7BAA0C /* RDLPDFBackend.m in Sources */ = {isa = PBXBuildFile; fileRef = DAB2A7A5AE6E5BE964549133 /* RDLPDFBackend.m */; };
		30D1ADC2BBA917E2AC326515 /* RDLDocxReader.m in Sources */ = {isa = PBXBuildFile; fileRef = 77DD5A25CE0B19552E044D29 /* RDLDocxReader.m */; };
		32E8E73DCB0DEF3A0DE88EF1 /* RDLBackend.h in Headers */ = {isa = PBXBuildFile; fileRef = CAB789E21E4046599AD9FA60 /* RDLBackend.h */; settings = {ATTRIBUTES = (Public, ); }; };
		34CF8670DFFB8A8963C41008 /* RDLKit.framework in Copy Frameworks */ = {isa = PBXBuildFile; fileRef = 36F476BBE541DC85EE2D7647 /* RDLKit.framework */; settings = {ATTRIBUTES = (CodeSignOnCopy, RemoveHeadersOnCopy, ); }; };
		34F5FB27860DCDFCF7241FCE /* RDLKit.framework in Frameworks */ = {isa = PBXBuildFile; fileRef = 36F476BBE541DC85EE2D7647 /* RDLKit.framework */; };
		4232151F3F5B6D37A8C2E327 /* RDLInspectorView.m in Sources */ = {isa = PBXBuildFile; fileRef = 7EFA16D79BB10E2489A21CC2 /* RDLInspectorView.m */; };
		44DAA7FC14DCD3C38A4D90BC /* RDLDesignerWindow.m in Sources */ = {isa = PBXBuildFile; fileRef = 88F0BDB43861D06A9D120937 /* RDLDesignerWindow.m */; };
		4AF1F77A5A32574E3B420A9A /* RDLGenerator.m in Sources */ = {isa = PBXBuildFile; fileRef = E989DF8464B34666FDA8CDAA /* RDLGenerator.m */; };
		4E27950D2900B2B9B96ED0C5 /* RDLDesignerWindow.xib in Resources */ = {isa = PBXBuildFile; fileRef = C377F19E69246533DA7EAF09 /* RDLDesignerWindow.xib */; };
		5250275BE6477B1E840E227E /* RDLPageGeometry.m in Sources */ = {isa = PBXBuildFile; fileRef = 9524D1B90D804A24421BD61B /* RDLPageGeometry.m */; };
		591545F14DDDF7A8CDCA8180 /* RDLChartRenderer.m in Sources */ = {isa = PBXBuildFile; fileRef = C8C4A40041B77E07028495EC /* RDLChartRenderer.m */; };
		591C1C5CA1CA5EB4F1E17F08 /* RDLChange.m in Sources */ = {isa = PBXBuildFile; fileRef = 56DA1575ED9128D08779DB1D /* RDLChange.m */; };
		5CA2B37A0E355D5F2898D6C0 /* RDLKit.framework in Frameworks */ = {isa = PBXBuildFile; fileRef = 36F476BBE541DC85EE2D7647 /* RDLKit.framework */; };
		5E857B5DEB5C69384F67F2C2 /* RDLCanvasView.m in Sources */ = {isa = PBXBuildFile; fileRef = AF7A0C2EA618F5BE947043F1 /* RDLCanvasView.m */; };
		63831387D03C13A181AB8723 /* RDLRichTextCodec.m in Sources */ = {isa = PBXBuildFile; fileRef = BC0759CCB84484DB344078DA /* RDLRichTextCodec.m */; };
		691D8E6F1A9550444019DB49 /* RDLEditor.m in Sources */ = {isa = PBXBuildFile; fileRef = 6541F77535AD3E1373D82122 /* RDLEditor.m */; };
		6933ADC28B3E7AE06AB2DE3B /* RDLZipArchive.h in Headers */ = {isa = PBXBuildFile; fileRef = D7C42B02B9723B65DDFAD0E0 /* RDLZipArchive.h */; settings = {ATTRIBUTES = (Public, ); }; };
		6A42D0D007C753EA81406391 /* RDLRichTextFormatter.m in Sources */ = {isa = PBXBuildFile; fileRef = 701CC6AEAF76424D92FDAD30 /* RDLRichTextFormatter.m */; };
		6B7978C883C96349279108D8 /* RDLCanvasRenderer.m in Sources */ = {isa = PBXBuildFile; fileRef = FD46A1AE98C8CBB1F8B7FD5C /* RDLCanvasRenderer.m */; };
		6BCBCF5E3943CCD3A1684F6E /* RDLRichTextEditor.xib in Resources */ = {isa = PBXBuildFile; fileRef = 50F5F68C92EA73417F3EFF61 /* RDLRichTextEditor.xib */; };
		7DEB25C2F77B206818A7D8EA /* RDLView.m in Sources */ = {isa = PBXBuildFile; fileRef = F1EE0475B7EBC42015D59375 /* RDLView.m */; };
		7F76015BA9F94F61D881BA25 /* RDLUpgrader.m in Sources */ = {isa = PBXBuildFile; fileRef = F6A6288C68C9B7B336B41990 /* RDLUpgrader.m */; };
		822F8F131161C58584227764 /* RDLInPlaceEditor.m in Sources */ = {isa = PBXBuildFile; fileRef = 15F2DE9F3205E7B493B22D39 /* RDLInPlaceEditor.m */; };
		855523F8038FD7429053B6E1 /* RDLTextAttributes.h in Headers */ = {isa = PBXBuildFile; fileRef = 3F4EDB67286407E9A2344599 /* RDLTextAttributes.h */; settings = {ATTRIBUTES = (Public, ); }; };
		85E4D28A97D8150EB37E381B /* RDLNewReport.m in Sources */ = {isa = PBXBuildFile; fileRef = E7EE2913922B76161C121E0A /* RDLNewReport.m */; };
		8832FC6A41582F52B597495E /* RDLItemFactory.m in Sources */ = {isa = PBXBuildFile; fileRef = 7B5800982DB92CA9D51B03CC /* RDLItemFactory.m */; };
		8D92EA1642AFC3256F660C88 /* AppKit.framework in Frameworks */ = {isa = PBXBuildFile; fileRef = 5B7068E3A597C2544433CB15 /* AppKit.framework */; };
		9103EFB536BAD208E47EBC10 /* AppKit.framework in Frameworks */ = {isa = PBXBuildFile; fileRef = 5B7068E3A597C2544433CB15 /* AppKit.framework */; };
		9344C238D4AB0EB8FD9A6A05 /* Cocoa.framework in Frameworks */ = {isa = PBXBuildFile; fileRef = 5BC4A9A4E48001E3E80DBB5A /* Cocoa.framework */; };
		93DDFA3148BCE38AF05CC8AA /* RDLNewReportPanel.xib in Resources */ = {isa = PBXBuildFile; fileRef = 8399CC90B6584EEB8751BAD3 /* RDLNewReportPanel.xib */; };
		9424909E6EE670EF371FC07D /* RDLSamples.m in Sources */ = {isa = PBXBuildFile; fileRef = E46BA8ED30D063FB448EB1DE /* RDLSamples.m */; };
		948181811E10DEB424788F78 /* RDLGeneratorWindow.m in Sources */ = {isa = PBXBuildFile; fileRef = 9AB735B023E47621763374DB /* RDLGeneratorWindow.m */; };
		9705965BC747381ACEAE8CFE /* RDLSelection.m in Sources */ = {isa = PBXBuildFile; fileRef = 34F661B42A6228C31982DF99 /* RDLSelection.m */; };
		97B509FA1B16D3D45043A8C1 /* RDLDocument.m in Sources */ = {isa = PBXBuildFile; fileRef = 35147D841AE926FFE3AD77B1 /* RDLDocument.m */; };
		98791F10C26FC57F73901112 /* RDLChange.m in Sources */ = {isa = PBXBuildFile; fileRef = 56DA1575ED9128D08779DB1D /* RDLChange.m */; };
		9A0DF837B69B19F10D27BD5E /* RDLNewReport.m in Sources */ = {isa = PBXBuildFile; fileRef = E7EE2913922B76161C121E0A /* RDLNewReport.m */; };
		9C525284C4FE682D677B4E12 /* Cocoa.framework in Frameworks */ = {isa = PBXBuildFile; fileRef = 5BC4A9A4E48001E3E80DBB5A /* Cocoa.framework */; };
		9EE8663597592E060D9B85E5 /* main.m in Sources */ = {isa = PBXBuildFile; fileRef = 52D939EF9898701ED8C0484C /* main.m */; };
		9FBD142AFC677F41736F21C6 /* RDLExpression.h in Headers */ = {isa = PBXBuildFile; fileRef = 1B73D39AEAC5AB3BBF0BBAEF /* RDLExpression.h */; settings = {ATTRIBUTES = (Public, ); }; };
		E4025888B9969228E6FBF445 /* RDLExpressionCatalog.h in Headers */ = {isa = PBXBuildFile; fileRef = 690DD4BAEE75B7692F7F7A2F /* RDLExpressionCatalog.h */; settings = {ATTRIBUTES = (Public, ); }; };
		A23D0F96B518E64672B3277F /* RDLChecker.h in Headers */ = {isa = PBXBuildFile; fileRef = A69B8AA7A0888F1CCFEA1A09 /* RDLChecker.h */; settings = {ATTRIBUTES = (Public, ); }; };
		A2F0FA38F5F0CE312118BC0F /* RDLView.h in Headers */ = {isa = PBXBuildFile; fileRef = 5287B31A4A81269C168B694D /* RDLView.h */; settings = {ATTRIBUTES = (Public, ); }; };
		A3334DF23B268F3151A81276 /* RDLLayoutEngine.h in Headers */ = {isa = PBXBuildFile; fileRef = 388AD53F1764907577168AE8 /* RDLLayoutEngine.h */; settings = {ATTRIBUTES = (Public, ); }; };
		AA17E816AF371EBB10F5333E /* RDLEditingContext.m in Sources */ = {isa = PBXBuildFile; fileRef = DD7B50C6479576FE6C9A5F4D /* RDLEditingContext.m */; };
		ABBF3C3472A41DED23D94B9B /* RDLWelcomeWindow.xib in Resources */ = {isa = PBXBuildFile; fileRef = 0A1BF161B8F9CBBC60FC1A1A /* RDLWelcomeWindow.xib */; };
		B165DBE8251A8B763F003AC8 /* RDLPreviewWindow.xib in Resources */ = {isa = PBXBuildFile; fileRef = F3D38A29DDBE8ADCC484A10E /* RDLPreviewWindow.xib */; };
		B26A7C3A723BEC23D0FF517E /* RDLReport.m in Sources */ = {isa = PBXBuildFile; fileRef = CB30BBD185439ABC015B8C91 /* RDLReport.m */; };
		B0416F86DBD049EB5F33EF82 /* RDLDesignerWindow.xib in Resources */ = {isa = PBXBuildFile; fileRef = C377F19E69246533DA7EAF09 /* RDLDesignerWindow.xib */; };
		D2493D73409B6A85F034C0C3 /* RDLInspectorSections.xib in Resources */ = {isa = PBXBuildFile; fileRef = FD2BA757C61D0F567D92D2C8 /* RDLInspectorSections.xib */; };
		A9D36F21592199B43754B5E3 /* RDLExpressionEditor.xib in Resources */ = {isa = PBXBuildFile; fileRef = 5421B5A4D5EEB992DA5D7F10 /* RDLExpressionEditor.xib */; };
		B31B2D52BA44A3FCD9E15506 /* RDLTablixEditor.xib in Resources */ = {isa = PBXBuildFile; fileRef = 6CABBF53E00B2DB406D58975 /* RDLTablixEditor.xib */; };
		0F974519B2EF46F9790D99D2 /* RDLRichTextEditor.xib in Resources */ = {isa = PBXBuildFile; fileRef = 50F5F68C92EA73417F3EFF61 /* RDLRichTextEditor.xib */; };
		C00014D4136BD4D999A82A59 /* RDLNewReportPanel.m in Sources */ = {isa = PBXBuildFile; fileRef = BE41C653CA556AECA4C3DDC7 /* RDLNewReportPanel.m */; };
		C3EB649CC42680C456B883E3 /* RDLParser.h in Headers */ = {isa = PBXBuildFile; fileRef = BB224C8B29C878CC6C92E994 /* RDLParser.h */; settings = {ATTRIBUTES = (Public, ); }; };
		C64526DBC3B8898C885ECA7F /* RDLWelcomeWindow.m in Sources */ = {isa = PBXBuildFile; fileRef = C05560EE328D33A16E4611F9 /* RDLWelcomeWindow.m */; };
		C6A2B39DFB62F224DEAF1976 /* RDLSelection.m in Sources */ = {isa = PBXBuildFile; fileRef = 34F661B42A6228C31982DF99 /* RDLSelection.m */; };
		C7672FC0C1C9128C5B0534F7 /* RDLTextAttributes.m in Sources */ = {isa = PBXBuildFile; fileRef = F7064FFF1DCC05FBB4A90EDD /* RDLTextAttributes.m */; };
		E228D4FC67E5EEF1D368CD48 /* RDLDesignerWindow.m in Sources */ = {isa = PBXBuildFile; fileRef = 88F0BDB43861D06A9D120937 /* RDLDesignerWindow.m */; };
		5FD7171BFA64734EE64A729B /* RDLCanvasView.m in Sources */ = {isa = PBXBuildFile; fileRef = AF7A0C2EA618F5BE947043F1 /* RDLCanvasView.m */; };
		F29A5BF96D9A55FCBD0FB029 /* RDLCanvasRenderer.m in Sources */ = {isa = PBXBuildFile; fileRef = FD46A1AE98C8CBB1F8B7FD5C /* RDLCanvasRenderer.m */; };
		38DFD0B80CF59D6D976D56DE /* RDLCanvasInteraction.m in Sources */ = {isa = PBXBuildFile; fileRef = 1C7BAEB02EB104C0A3D3FD1C /* RDLCanvasInteraction.m */; };
		5183FFD88DA6E026AAE53D6A /* RDLInPlaceEditor.m in Sources */ = {isa = PBXBuildFile; fileRef = 15F2DE9F3205E7B493B22D39 /* RDLInPlaceEditor.m */; };
		6B6DAF647A6EE58446C09711 /* RDLInspectorView.m in Sources */ = {isa = PBXBuildFile; fileRef = 7EFA16D79BB10E2489A21CC2 /* RDLInspectorView.m */; };
		85BB04C24AF971B0EF307C2D /* RDLDataView.m in Sources */ = {isa = PBXBuildFile; fileRef = 56FF59445895326DCEBE3E51 /* RDLDataView.m */; };
		3CFA4C175AF1D740B6DCFE09 /* RDLOutlineDataSource.m in Sources */ = {isa = PBXBuildFile; fileRef = 67866694DB877F0F4DA854A9 /* RDLOutlineDataSource.m */; };
		26AF4F929B7D09D4537E8693 /* RDLTabBadge.m in Sources */ = {isa = PBXBuildFile; fileRef = AA01TABBADGE0000000001 /* RDLTabBadge.m */; };
		E59F0A51816E0175BB8E3BED /* DMTabBar.m in Sources */ = {isa = PBXBuildFile; fileRef = AA01DMTABBAR000000001 /* DMTabBar.m */; };
		16BD892896D9DFA8B382B39C /* DMTabBarItem.m in Sources */ = {isa = PBXBuildFile; fileRef = AA01DMTABITEM00000001 /* DMTabBarItem.m */; };
		831ECDE46490BDDFA993A689 /* RDLExpressionField.m in Sources */ = {isa = PBXBuildFile; fileRef = B87C6EFCB77B80797692C3C3 /* RDLExpressionField.m */; };
		F2D0801B7F564982F2A71FA6 /* RDLExpressionEditor.m in Sources */ = {isa = PBXBuildFile; fileRef = 2FD025815654CEDFAAEE73CF /* RDLExpressionEditor.m */; };
		8B7001125BF202F1EF6C3563 /* RDLInsertPalette.m in Sources */ = {isa = PBXBuildFile; fileRef = C70CCF437FA426E4884C9BFB /* RDLInsertPalette.m */; };
		E6A792B40CC80E2A37A9C437 /* RDLFieldInspectorView.m in Sources */ = {isa = PBXBuildFile; fileRef = 26E23B7DAFA319491860E942 /* RDLFieldInspectorView.m */; };
		C76E850AF8CE40F9D17DF932 /* RDLTablixEditor.m in Sources */ = {isa = PBXBuildFile; fileRef = CEBAF52A30470D1500D62319 /* RDLTablixEditor.m */; };
		AA03DSFIELDS000000001 /* RDLDatasetFieldsView.m in Sources */ = {isa = PBXBuildFile; fileRef = AA01DSFIELDS000000001 /* RDLDatasetFieldsView.m */; };
		AA03DSNAV000000000001 /* RDLDatasetNavigator.m in Sources */ = {isa = PBXBuildFile; fileRef = AA01DSNAV000000000001 /* RDLDatasetNavigator.m */; };
		C76E850BF8CE40F9D17DF933 /* RDLRichTextEditor.m in Sources */ = {isa = PBXBuildFile; fileRef = CEBAF52E30473A9E00D62319 /* RDLRichTextEditor.m */; };
		C81B37A201B3B486F2605ABE /* RDLInspectorFields.m in Sources */ = {isa = PBXBuildFile; fileRef = 91729268250D3DF7575FC73D /* RDLInspectorFields.m */; };
		C8A9185493F7171DA48DFF44 /* RDLZipArchive.m in Sources */ = {isa = PBXBuildFile; fileRef = ECA7AA14CCC8D0BD7254F3A8 /* RDLZipArchive.m */; };
		CD16E8E89FDBE601591035CC /* RDLAppDelegate.m in Sources */ = {isa = PBXBuildFile; fileRef = B76A829D5C13583285D1B6F4 /* RDLAppDelegate.m */; };
		CE1FE97227D9FE5C9ED36D5E /* RDLPageGeometry.m in Sources */ = {isa = PBXBuildFile; fileRef = 9524D1B90D804A24421BD61B /* RDLPageGeometry.m */; };
		CE65B5EED5EC5A3A470E38EE /* RDLKit.framework in Frameworks */ = {isa = PBXBuildFile; fileRef = 36F476BBE541DC85EE2D7647 /* RDLKit.framework */; };
		CEBAF52B30470D1500D62319 /* RDLExpressionHelper.m in Sources */ = {isa = PBXBuildFile; fileRef = CEBAF52830470D1500D62319 /* RDLExpressionHelper.m */; };
		092ECA4ECBE8C04F72A550F2 /* RDLExpressionField.m in Sources */ = {isa = PBXBuildFile; fileRef = B87C6EFCB77B80797692C3C3 /* RDLExpressionField.m */; };
		10E1771CF0E486F8012F5F5C /* RDLExpressionEditor.m in Sources */ = {isa = PBXBuildFile; fileRef = 2FD025815654CEDFAAEE73CF /* RDLExpressionEditor.m */; };
		C69EE91088C65CBBD163C6F6 /* RDLInsertPalette.m in Sources */ = {isa = PBXBuildFile; fileRef = C70CCF437FA426E4884C9BFB /* RDLInsertPalette.m */; };
		577C99DEA30C0956C2AFC096 /* RDLFieldInspectorView.m in Sources */ = {isa = PBXBuildFile; fileRef = 26E23B7DAFA319491860E942 /* RDLFieldInspectorView.m */; };
		CEBAF52C30470D1500D62319 /* RDLTablixEditor.m in Sources */ = {isa = PBXBuildFile; fileRef = CEBAF52A30470D1500D62319 /* RDLTablixEditor.m */; };
		AA02DSFIELDS000000001 /* RDLDatasetFieldsView.m in Sources */ = {isa = PBXBuildFile; fileRef = AA01DSFIELDS000000001 /* RDLDatasetFieldsView.m */; };
		AA02DSNAV000000000001 /* RDLDatasetNavigator.m in Sources */ = {isa = PBXBuildFile; fileRef = AA01DSNAV000000000001 /* RDLDatasetNavigator.m */; };
		AA02DMTABITEM00000001 /* DMTabBarItem.m in Sources */ = {isa = PBXBuildFile; fileRef = AA01DMTABITEM00000001 /* DMTabBarItem.m */; };
		AA02DMTABBAR000000001 /* DMTabBar.m in Sources */ = {isa = PBXBuildFile; fileRef = AA01DMTABBAR000000001 /* DMTabBar.m */; };
		AA02TABBADGE0000000001 /* RDLTabBadge.m in Sources */ = {isa = PBXBuildFile; fileRef = AA01TABBADGE0000000001 /* RDLTabBadge.m */; };
		CEBAF52F30473A9E00D62319 /* RDLRichTextEditor.m in Sources */ = {isa = PBXBuildFile; fileRef = CEBAF52E30473A9E00D62319 /* RDLRichTextEditor.m */; };
		D17C242A5ED853F3BC70FB66 /* RDLEditingContext.m in Sources */ = {isa = PBXBuildFile; fileRef = DD7B50C6479576FE6C9A5F4D /* RDLEditingContext.m */; };
		D2C4D4627A54694089CA5C42 /* RDLNewReportPanel.m in Sources */ = {isa = PBXBuildFile; fileRef = BE41C653CA556AECA4C3DDC7 /* RDLNewReportPanel.m */; };
		D698F948027CE30144A0F09A /* RDLChecker.m in Sources */ = {isa = PBXBuildFile; fileRef = 5E46887EEBE88948C77788A7 /* RDLChecker.m */; };
		D94080269225683213760055 /* RDLAddElementPanel.xib in Resources */ = {isa = PBXBuildFile; fileRef = 27DB8C5CCBB595290E4B7BBE /* RDLAddElementPanel.xib */; };
		1DB9EE7A0E6AFE983EB8C8B5 /* RDLEditingCoreTests.m in Sources */ = {isa = PBXBuildFile; fileRef = BED4F7F47370280134D98924 /* RDLEditingCoreTests.m */; };
		540D0C1C6CAFBFD472A8964A /* RDLCanvasTests.m in Sources */ = {isa = PBXBuildFile; fileRef = 846F4768697B4DEE47CF9E84 /* RDLCanvasTests.m */; };
		A011904659CD3E55C5C0F2F7 /* RDLDesignerTestSupport.m in Sources */ = {isa = PBXBuildFile; fileRef = 44568EE3E1F9A8DC7CDE9231 /* RDLDesignerTestSupport.m */; };
		2939B78CAC5AE5F28E8E3EDA /* RDLWindowTests.m in Sources */ = {isa = PBXBuildFile; fileRef = D39E02F85B650039C8E476FB /* RDLWindowTests.m */; };
		F8CD6C169FCC5E2921D4EF59 /* RDLInspectorTests.m in Sources */ = {isa = PBXBuildFile; fileRef = 23D1684C2D8DAF646E15E2EE /* RDLInspectorTests.m */; };
		D3CE3A2920691428D717DDBC /* RDLExpressionUITests.m in Sources */ = {isa = PBXBuildFile; fileRef = DE1BA51B1878045B3834CE9D /* RDLExpressionUITests.m */; };
		E1330BBA063C46CD5F1811C7 /* RDLRichTextTests.m in Sources */ = {isa = PBXBuildFile; fileRef = EB20F4D0BDE017BF66816ABC /* RDLRichTextTests.m */; };
		DF823E00D68C235797361368 /* RDLTablixUITests.m in Sources */ = {isa = PBXBuildFile; fileRef = 50CD2FCCCFF2B3C533AC0656 /* RDLTablixUITests.m */; };
		DE3591E7F216153068E5BE95 /* RDLNewReportTests.m in Sources */ = {isa = PBXBuildFile; fileRef = AF18E755B422EE181FC0E545 /* RDLNewReportTests.m */; };
		DB1D9F53F0A81F287AB8D9FC /* RDLImporter.m in Sources */ = {isa = PBXBuildFile; fileRef = F2530ACA702894971A26320C /* RDLImporter.m */; };
		DD27E7C9DFCA6B68D3BD3521 /* RDLKit.h in Headers */ = {isa = PBXBuildFile; fileRef = 03EB33FD7A64B360E76AF94E /* RDLKit.h */; settings = {ATTRIBUTES = (Public, ); }; };
		E1455B7A4E59E9EC65FE8340 /* RDLUpgrader.h in Headers */ = {isa = PBXBuildFile; fileRef = D7D74E030B048EC215609423 /* RDLUpgrader.h */; settings = {ATTRIBUTES = (Public, ); }; };
		B87DD5671D09E88BCFD8DEAC /* RDLTestSupport.m in Sources */ = {isa = PBXBuildFile; fileRef = 3EE5DC9DFCDAA942B60A07FB /* RDLTestSupport.m */; };
		41FA410B37B379901E886678 /* RDLParserTests.m in Sources */ = {isa = PBXBuildFile; fileRef = E84D5E515A0D6818D1F83992 /* RDLParserTests.m */; };
		0F6BF9792C594A7AE6DF14FE /* RDLExpressionTests.m in Sources */ = {isa = PBXBuildFile; fileRef = 69E0824091C29856C59ED68C /* RDLExpressionTests.m */; };
		D706B986139C9E752800C2B6 /* RDLLayoutTests.m in Sources */ = {isa = PBXBuildFile; fileRef = 3CA1E80C094C18FA7B47E0D8 /* RDLLayoutTests.m */; };
		F0840925E35817138B9487ED /* RDLBackendTests.m in Sources */ = {isa = PBXBuildFile; fileRef = 7C9F4863CFEE58C716DC3634 /* RDLBackendTests.m */; };
		262825B123E05F67287B71D5 /* RDLImportTests.m in Sources */ = {isa = PBXBuildFile; fileRef = C36BC523F4CAFC0F7C197E70 /* RDLImportTests.m */; };
		E57B48BECBA27CF5473E355C /* RDLInspectorSections.xib in Resources */ = {isa = PBXBuildFile; fileRef = FD2BA757C61D0F567D92D2C8 /* RDLInspectorSections.xib */; };
		E7F8944CAEB592B0657501A0 /* MainMenu.xib in Resources */ = {isa = PBXBuildFile; fileRef = 9C8A71C79B82884FF928EBE1 /* MainMenu.xib */; };
		E8880A081A321A477C1AAB6C /* RDLSamples.m in Sources */ = {isa = PBXBuildFile; fileRef = E46BA8ED30D063FB448EB1DE /* RDLSamples.m */; };
		E97A29A2AD303803BF10C5E8 /* AppKit.framework in Frameworks */ = {isa = PBXBuildFile; fileRef = 5B7068E3A597C2544433CB15 /* AppKit.framework */; };
		EA1ECD1351FA319CC3B4E37C /* RDLReport.h in Headers */ = {isa = PBXBuildFile; fileRef = 5B462C812D943AA1A0D5BFDC /* RDLReport.h */; settings = {ATTRIBUTES = (Public, ); }; };
		EBF7165C1B6689C83EFFE827 /* RDLGeneratorWindow.xib in Resources */ = {isa = PBXBuildFile; fileRef = 39D4A9ED7DAEFDD8C43CA55B /* RDLGeneratorWindow.xib */; };
		EDA9EEB9706A25D81CA75AFD /* RDLCanvasInteraction.m in Sources */ = {isa = PBXBuildFile; fileRef = 1C7BAEB02EB104C0A3D3FD1C /* RDLCanvasInteraction.m */; };
		F02041FC1136A1CBE9435FF9 /* RDLChartRenderer.h in Headers */ = {isa = PBXBuildFile; fileRef = D58DAAC10D914F13B6654E2A /* RDLChartRenderer.h */; settings = {ATTRIBUTES = (Public, ); }; };
		F0908E034271ACFC6E8487F5 /* RDLParser.m in Sources */ = {isa = PBXBuildFile; fileRef = E06BE05A7516B6E7B0D0E2A1 /* RDLParser.m */; };
		F4AD7C00306AE84C038A4131 /* RDLDocxReader.h in Headers */ = {isa = PBXBuildFile; fileRef = 56D1A1CB0C8D9E6BADBF8A27 /* RDLDocxReader.h */; settings = {ATTRIBUTES = (Public, ); }; };
		F56E72CC18EFFE5521469BD5 /* RDLExpression.m in Sources */ = {isa = PBXBuildFile; fileRef = 7CECB821FFED22DFD87FEE06 /* RDLExpression.m */; };
		A09D0BF40CC7E5EB0B51E9AB /* RDLExpressionCatalog.m in Sources */ = {isa = PBXBuildFile; fileRef = 79BBBCA4D537CA0698FE43F8 /* RDLExpressionCatalog.m */; };
		F8724BD64637BEC16321612C /* RDLItemFactory.m in Sources */ = {isa = PBXBuildFile; fileRef = 7B5800982DB92CA9D51B03CC /* RDLItemFactory.m */; };
		F8EA04B9F8175CF7FCE6FEAD /* RDLInspectorFields.m in Sources */ = {isa = PBXBuildFile; fileRef = 91729268250D3DF7575FC73D /* RDLInspectorFields.m */; };
/* End PBXBuildFile section */

/* Begin PBXContainerItemProxy section */
		62ED8AF6CF85286BDA7F1DB9 /* PBXContainerItemProxy */ = {
			isa = PBXContainerItemProxy;
			containerPortal = 98F54143AB4E86B28C3AFEE0 /* Project object */;
			proxyType = 1;
			remoteGlobalIDString = F14379BD3391DC97D94E4AC2;
			remoteInfo = RDLKit;
		};
		9AE740AE55254BE9D01795A9 /* PBXContainerItemProxy */ = {
			isa = PBXContainerItemProxy;
			containerPortal = 98F54143AB4E86B28C3AFEE0 /* Project object */;
			proxyType = 1;
			remoteGlobalIDString = F14379BD3391DC97D94E4AC2;
			remoteInfo = RDLKit;
		};
		B760B800B89BAE98CD9E710D /* PBXContainerItemProxy */ = {
			isa = PBXContainerItemProxy;
			containerPortal = 98F54143AB4E86B28C3AFEE0 /* Project object */;
			proxyType = 1;
			remoteGlobalIDString = F14379BD3391DC97D94E4AC2;
			remoteInfo = RDLKit;
		};
/* End PBXContainerItemProxy section */

/* Begin PBXCopyFilesBuildPhase section */
		832B849E62CD55F4E60B2DA6 /* Embed Frameworks */ = {
			isa = PBXCopyFilesBuildPhase;
			buildActionMask = 2147483647;
			dstPath = "";
			dstSubfolderSpec = 10;
			files = (
				1724A67DAAA0BDBCB829D7FF /* RDLKit.framework in Embed Frameworks */,
			);
			name = "Embed Frameworks";
			runOnlyForDeploymentPostprocessing = 0;
		};
		DC920F24DD0598BDE395A9DE /* Copy Frameworks */ = {
			isa = PBXCopyFilesBuildPhase;
			buildActionMask = 2147483647;
			dstPath = "";
			dstSubfolderSpec = 16;
			files = (
				34CF8670DFFB8A8963C41008 /* RDLKit.framework in Copy Frameworks */,
			);
			name = "Copy Frameworks";
			runOnlyForDeploymentPostprocessing = 0;
		};
/* End PBXCopyFilesBuildPhase section */

/* Begin PBXFileReference section */
		03EB33FD7A64B360E76AF94E /* RDLKit.h */ = {isa = PBXFileReference; lastKnownFileType = sourcecode.c.h; path = RDLKit.h; sourceTree = "<group>"; };
		0870B1CA8FCBFEE09BFC85EF /* RDLCompatibility.h */ = {isa = PBXFileReference; lastKnownFileType = sourcecode.c.h; path = RDLCompatibility.h; sourceTree = "<group>"; };
		0A1BF161B8F9CBBC60FC1A1A /* RDLWelcomeWindow.xib */ = {isa = PBXFileReference; lastKnownFileType = file.xib; path = RDLWelcomeWindow.xib; sourceTree = "<group>"; };
		0DA4E4FF4FAE775A4047CEB3 /* RDLNewReport.h */ = {isa = PBXFileReference; lastKnownFileType = sourcecode.c.h; path = RDLNewReport.h; sourceTree = "<group>"; };
		11C5F9A9E901CA1BF142761D /* RDLRichTextCodec.h */ = {isa = PBXFileReference; lastKnownFileType = sourcecode.c.h; path = RDLRichTextCodec.h; sourceTree = "<group>"; };
		15F2DE9F3205E7B493B22D39 /* RDLInPlaceEditor.m */ = {isa = PBXFileReference; lastKnownFileType = sourcecode.c.objc; path = RDLInPlaceEditor.m; sourceTree = "<group>"; };
		18F13C0ED4E70F80B9FCF4C0 /* README.md */ = {isa = PBXFileReference; lastKnownFileType = net.daringfireball.markdown; path = README.md; sourceTree = "<group>"; };
		1B73D39AEAC5AB3BBF0BBAEF /* RDLExpression.h */ = {isa = PBXFileReference; lastKnownFileType = sourcecode.c.h; path = RDLExpression.h; sourceTree = "<group>"; };
		1BA3C606A373E9B617F1AEB3 /* RDLDocument.h */ = {isa = PBXFileReference; lastKnownFileType = sourcecode.c.h; path = RDLDocument.h; sourceTree = "<group>"; };
		1C7BAEB02EB104C0A3D3FD1C /* RDLCanvasInteraction.m */ = {isa = PBXFileReference; lastKnownFileType = sourcecode.c.objc; path = RDLCanvasInteraction.m; sourceTree = "<group>"; };
		1D34F79EB19926E545BF9C88 /* RDLInPlaceEditor.h */ = {isa = PBXFileReference; lastKnownFileType = sourcecode.c.h; path = RDLInPlaceEditor.h; sourceTree = "<group>"; };
		2678A8FD3DE3C6832EB942ED /* RDLHTMLBackend.m */ = {isa = PBXFileReference; lastKnownFileType = sourcecode.c.objc; path = RDLHTMLBackend.m; sourceTree = "<group>"; };
		27DB8C5CCBB595290E4B7BBE /* RDLAddElementPanel.xib */ = {isa = PBXFileReference; lastKnownFileType = file.xib; path = RDLAddElementPanel.xib; sourceTree = "<group>"; };
		27ECA835280D45B396FB5C44 /* RDLGenerator.h */ = {isa = PBXFileReference; lastKnownFileType = sourcecode.c.h; path = RDLGenerator.h; sourceTree = "<group>"; };
		3EE5DC9DFCDAA942B60A07FB /* RDLTestSupport.m */ = {isa = PBXFileReference; lastKnownFileType = sourcecode.c.objc; path = RDLTestSupport.m; sourceTree = "<group>"; };
		E84D5E515A0D6818D1F83992 /* RDLParserTests.m */ = {isa = PBXFileReference; lastKnownFileType = sourcecode.c.objc; path = RDLParserTests.m; sourceTree = "<group>"; };
		69E0824091C29856C59ED68C /* RDLExpressionTests.m */ = {isa = PBXFileReference; lastKnownFileType = sourcecode.c.objc; path = RDLExpressionTests.m; sourceTree = "<group>"; };
		3CA1E80C094C18FA7B47E0D8 /* RDLLayoutTests.m */ = {isa = PBXFileReference; lastKnownFileType = sourcecode.c.objc; path = RDLLayoutTests.m; sourceTree = "<group>"; };
		7C9F4863CFEE58C716DC3634 /* RDLBackendTests.m */ = {isa = PBXFileReference; lastKnownFileType = sourcecode.c.objc; path = RDLBackendTests.m; sourceTree = "<group>"; };
		C36BC523F4CAFC0F7C197E70 /* RDLImportTests.m */ = {isa = PBXFileReference; lastKnownFileType = sourcecode.c.objc; path = RDLImportTests.m; sourceTree = "<group>"; };
		1F3E5E61916F7EBBEF7CD38E /* RDLTestSupport.h */ = {isa = PBXFileReference; lastKnownFileType = sourcecode.c.h; path = RDLTestSupport.h; sourceTree = "<group>"; };
		30C70FC212DFDBB423681D78 /* README.md */ = {isa = PBXFileReference; lastKnownFileType = net.daringfireball.markdown; path = README.md; sourceTree = "<group>"; };
		34F661B42A6228C31982DF99 /* RDLSelection.m */ = {isa = PBXFileReference; lastKnownFileType = sourcecode.c.objc; path = RDLSelection.m; sourceTree = "<group>"; };
		35147D841AE926FFE3AD77B1 /* RDLDocument.m */ = {isa = PBXFileReference; lastKnownFileType = sourcecode.c.objc; path = RDLDocument.m; sourceTree = "<group>"; };
		36F476BBE541DC85EE2D7647 /* RDLKit.framework */ = {isa = PBXFileReference; explicitFileType = wrapper.framework; includeInIndex = 0; path = RDLKit.framework; sourceTree = BUILT_PRODUCTS_DIR; };
		388AD53F1764907577168AE8 /* RDLLayoutEngine.h */ = {isa = PBXFileReference; lastKnownFileType = sourcecode.c.h; path = RDLLayoutEngine.h; sourceTree = "<group>"; };
		3988A14CD9E1B0BA1FAC689B /* GNUmakefile */ = {isa = PBXFileReference; lastKnownFileType = sourcecode.make; path = GNUmakefile; sourceTree = "<group>"; };
		39D4A9ED7DAEFDD8C43CA55B /* RDLGeneratorWindow.xib */ = {isa = PBXFileReference; lastKnownFileType = file.xib; path = RDLGeneratorWindow.xib; sourceTree = "<group>"; };
		3ACD4FCE2926083C83034463 /* RDLKitTests.xctest */ = {isa = PBXFileReference; explicitFileType = wrapper.cfbundle; includeInIndex = 0; path = RDLKitTests.xctest; sourceTree = BUILT_PRODUCTS_DIR; };
		3F4EDB67286407E9A2344599 /* RDLTextAttributes.h */ = {isa = PBXFileReference; lastKnownFileType = sourcecode.c.h; path = RDLTextAttributes.h; sourceTree = "<group>"; };
		3F5A5B18A1D85BFC4675D077 /* RDLNewReportPanel.h */ = {isa = PBXFileReference; lastKnownFileType = sourcecode.c.h; path = RDLNewReportPanel.h; sourceTree = "<group>"; };
		3FF932DD49FE9CA2225FCE16 /* Info.plist */ = {isa = PBXFileReference; lastKnownFileType = text.plist.xml; path = Info.plist; sourceTree = "<group>"; };
		48414B2813BA41DB411AC57A /* RDLPageGeometry.h */ = {isa = PBXFileReference; lastKnownFileType = sourcecode.c.h; path = RDLPageGeometry.h; sourceTree = "<group>"; };
		4BBD021D6129910A18C54E70 /* RDLAppDelegate.h */ = {isa = PBXFileReference; lastKnownFileType = sourcecode.c.h; path = RDLAppDelegate.h; sourceTree = "<group>"; };
		50F5F68C92EA73417F3EFF61 /* RDLRichTextEditor.xib */ = {isa = PBXFileReference; lastKnownFileType = file.xib; path = RDLRichTextEditor.xib; sourceTree = "<group>"; };
		5287B31A4A81269C168B694D /* RDLView.h */ = {isa = PBXFileReference; lastKnownFileType = sourcecode.c.h; path = RDLView.h; sourceTree = "<group>"; };
		52D939EF9898701ED8C0484C /* main.m */ = {isa = PBXFileReference; lastKnownFileType = sourcecode.c.objc; path = main.m; sourceTree = "<group>"; };
		56D1A1CB0C8D9E6BADBF8A27 /* RDLDocxReader.h */ = {isa = PBXFileReference; lastKnownFileType = sourcecode.c.h; path = RDLDocxReader.h; sourceTree = "<group>"; };
		56DA1575ED9128D08779DB1D /* RDLChange.m */ = {isa = PBXFileReference; lastKnownFileType = sourcecode.c.objc; path = RDLChange.m; sourceTree = "<group>"; };
		56FF59445895326DCEBE3E51 /* RDLDataView.m */ = {isa = PBXFileReference; lastKnownFileType = sourcecode.c.objc; path = RDLDataView.m; sourceTree = "<group>"; };
		59052354FED2A23FCBB86CE3 /* RDLRichTextFormatter.h */ = {isa = PBXFileReference; lastKnownFileType = sourcecode.c.h; path = RDLRichTextFormatter.h; sourceTree = "<group>"; };
		592B68BD2F966622839891E7 /* RDLWelcomeWindow.h */ = {isa = PBXFileReference; lastKnownFileType = sourcecode.c.h; path = RDLWelcomeWindow.h; sourceTree = "<group>"; };
		595C479D7AC91F29089D5228 /* RDLDesigner.app */ = {isa = PBXFileReference; explicitFileType = wrapper.application; includeInIndex = 0; path = RDLDesigner.app; sourceTree = BUILT_PRODUCTS_DIR; };
		5B462C812D943AA1A0D5BFDC /* RDLReport.h */ = {isa = PBXFileReference; lastKnownFileType = sourcecode.c.h; path = RDLReport.h; sourceTree = "<group>"; };
		5B525B480D23A981A0DB1611 /* README.md */ = {isa = PBXFileReference; lastKnownFileType = net.daringfireball.markdown; path = README.md; sourceTree = "<group>"; };
		5B7068E3A597C2544433CB15 /* AppKit.framework */ = {isa = PBXFileReference; lastKnownFileType = wrapper.framework; name = AppKit.framework; path = System/Library/Frameworks/AppKit.framework; sourceTree = SDKROOT; };
		5BC4A9A4E48001E3E80DBB5A /* Cocoa.framework */ = {isa = PBXFileReference; lastKnownFileType = wrapper.framework; name = Cocoa.framework; path = System/Library/Frameworks/Cocoa.framework; sourceTree = SDKROOT; };
		5E46887EEBE88948C77788A7 /* RDLChecker.m */ = {isa = PBXFileReference; lastKnownFileType = sourcecode.c.objc; path = RDLChecker.m; sourceTree = "<group>"; };
		5FAFB6AF50417D519888C179 /* Foundation.framework */ = {isa = PBXFileReference; lastKnownFileType = wrapper.framework; name = Foundation.framework; path = System/Library/Frameworks/Foundation.framework; sourceTree = SDKROOT; };
		6541F77535AD3E1373D82122 /* RDLEditor.m */ = {isa = PBXFileReference; lastKnownFileType = sourcecode.c.objc; path = RDLEditor.m; sourceTree = "<group>"; };
		BED4F7F47370280134D98924 /* RDLEditingCoreTests.m */ = {isa = PBXFileReference; lastKnownFileType = sourcecode.c.objc; path = RDLEditingCoreTests.m; sourceTree = "<group>"; };
		846F4768697B4DEE47CF9E84 /* RDLCanvasTests.m */ = {isa = PBXFileReference; lastKnownFileType = sourcecode.c.objc; path = RDLCanvasTests.m; sourceTree = "<group>"; };
		44568EE3E1F9A8DC7CDE9231 /* RDLDesignerTestSupport.m */ = {isa = PBXFileReference; lastKnownFileType = sourcecode.c.objc; path = RDLDesignerTestSupport.m; sourceTree = "<group>"; };
		D39E02F85B650039C8E476FB /* RDLWindowTests.m */ = {isa = PBXFileReference; lastKnownFileType = sourcecode.c.objc; path = RDLWindowTests.m; sourceTree = "<group>"; };
		23D1684C2D8DAF646E15E2EE /* RDLInspectorTests.m */ = {isa = PBXFileReference; lastKnownFileType = sourcecode.c.objc; path = RDLInspectorTests.m; sourceTree = "<group>"; };
		DE1BA51B1878045B3834CE9D /* RDLExpressionUITests.m */ = {isa = PBXFileReference; lastKnownFileType = sourcecode.c.objc; path = RDLExpressionUITests.m; sourceTree = "<group>"; };
		EB20F4D0BDE017BF66816ABC /* RDLRichTextTests.m */ = {isa = PBXFileReference; lastKnownFileType = sourcecode.c.objc; path = RDLRichTextTests.m; sourceTree = "<group>"; };
		50CD2FCCCFF2B3C533AC0656 /* RDLTablixUITests.m */ = {isa = PBXFileReference; lastKnownFileType = sourcecode.c.objc; path = RDLTablixUITests.m; sourceTree = "<group>"; };
		AF18E755B422EE181FC0E545 /* RDLNewReportTests.m */ = {isa = PBXFileReference; lastKnownFileType = sourcecode.c.objc; path = RDLNewReportTests.m; sourceTree = "<group>"; };
		7CF29ABD1AD1599F2EDE93D3 /* RDLDesignerTestSupport.h */ = {isa = PBXFileReference; lastKnownFileType = sourcecode.c.h; path = RDLDesignerTestSupport.h; sourceTree = "<group>"; };
		67866694DB877F0F4DA854A9 /* RDLOutlineDataSource.m */ = {isa = PBXFileReference; lastKnownFileType = sourcecode.c.objc; path = RDLOutlineDataSource.m; sourceTree = "<group>"; };
		6790076B2E553AE0FAFF4A94 /* RDLDesignerTests.xctest */ = {isa = PBXFileReference; explicitFileType = wrapper.cfbundle; includeInIndex = 0; path = RDLDesignerTests.xctest; sourceTree = BUILT_PRODUCTS_DIR; };
		6889074C60A6765F66175242 /* RDLCanvasInteraction.h */ = {isa = PBXFileReference; lastKnownFileType = sourcecode.c.h; path = RDLCanvasInteraction.h; sourceTree = "<group>"; };
		6953FC0FFD8435619E816F9E /* RDLSamples.h */ = {isa = PBXFileReference; lastKnownFileType = sourcecode.c.h; path = RDLSamples.h; sourceTree = "<group>"; };
		6CABBF53E00B2DB406D58975 /* RDLTablixEditor.xib */ = {isa = PBXFileReference; lastKnownFileType = file.xib; path = RDLTablixEditor.xib; sourceTree = "<group>"; };
		701CC6AEAF76424D92FDAD30 /* RDLRichTextFormatter.m */ = {isa = PBXFileReference; lastKnownFileType = sourcecode.c.objc; path = RDLRichTextFormatter.m; sourceTree = "<group>"; };
		716F81F62762E1B81C134DB0 /* RDLGeneratorWindow.h */ = {isa = PBXFileReference; lastKnownFileType = sourcecode.c.h; path = RDLGeneratorWindow.h; sourceTree = "<group>"; };
		77DD5A25CE0B19552E044D29 /* RDLDocxReader.m */ = {isa = PBXFileReference; lastKnownFileType = sourcecode.c.objc; path = RDLDocxReader.m; sourceTree = "<group>"; };
		7994E9DA249D01FF65771325 /* RDLChange.h */ = {isa = PBXFileReference; lastKnownFileType = sourcecode.c.h; path = RDLChange.h; sourceTree = "<group>"; };
		7B5800982DB92CA9D51B03CC /* RDLItemFactory.m */ = {isa = PBXFileReference; lastKnownFileType = sourcecode.c.objc; path = RDLItemFactory.m; sourceTree = "<group>"; };
		7CECB821FFED22DFD87FEE06 /* RDLExpression.m */ = {isa = PBXFileReference; lastKnownFileType = sourcecode.c.objc; path = RDLExpression.m; sourceTree = "<group>"; };
		79BBBCA4D537CA0698FE43F8 /* RDLExpressionCatalog.m */ = {isa = PBXFileReference; lastKnownFileType = sourcecode.c.objc; path = RDLExpressionCatalog.m; sourceTree = "<group>"; };
		690DD4BAEE75B7692F7F7A2F /* RDLExpressionCatalog.h */ = {isa = PBXFileReference; lastKnownFileType = sourcecode.c.h; path = RDLExpressionCatalog.h; sourceTree = "<group>"; };
		7ED4103CA65B712F3FBE7DB0 /* RDLCanvasRenderer.h */ = {isa = PBXFileReference; lastKnownFileType = sourcecode.c.h; path = RDLCanvasRenderer.h; sourceTree = "<group>"; };
		7EFA16D79BB10E2489A21CC2 /* RDLInspectorView.m */ = {isa = PBXFileReference; lastKnownFileType = sourcecode.c.objc; path = RDLInspectorView.m; sourceTree = "<group>"; };
		8399CC90B6584EEB8751BAD3 /* RDLNewReportPanel.xib */ = {isa = PBXFileReference; lastKnownFileType = file.xib; path = RDLNewReportPanel.xib; sourceTree = "<group>"; };
		88F0BDB43861D06A9D120937 /* RDLDesignerWindow.m */ = {isa = PBXFileReference; lastKnownFileType = sourcecode.c.objc; path = RDLDesignerWindow.m; sourceTree = "<group>"; };
		8CBC030D3A8D2EF4DCBED36A /* README.md */ = {isa = PBXFileReference; lastKnownFileType = net.daringfireball.markdown; path = README.md; sourceTree = "<group>"; };
		901AB0AC0C53219CCE9B02C9 /* README.md */ = {isa = PBXFileReference; lastKnownFileType = net.daringfireball.markdown; path = README.md; sourceTree = "<group>"; };
		91729268250D3DF7575FC73D /* RDLInspectorFields.m */ = {isa = PBXFileReference; lastKnownFileType = sourcecode.c.objc; path = RDLInspectorFields.m; sourceTree = "<group>"; };
		9524D1B90D804A24421BD61B /* RDLPageGeometry.m */ = {isa = PBXFileReference; lastKnownFileType = sourcecode.c.objc; path = RDLPageGeometry.m; sourceTree = "<group>"; };
		9AB735B023E47621763374DB /* RDLGeneratorWindow.m */ = {isa = PBXFileReference; lastKnownFileType = sourcecode.c.objc; path = RDLGeneratorWindow.m; sourceTree = "<group>"; };
		9AED2D8A7BF4194B05DFD277 /* RDLEditor.h */ = {isa = PBXFileReference; lastKnownFileType = sourcecode.c.h; path = RDLEditor.h; sourceTree = "<group>"; };
		9C8A71C79B82884FF928EBE1 /* MainMenu.xib */ = {isa = PBXFileReference; lastKnownFileType = file.xib; path = MainMenu.xib; sourceTree = "<group>"; };
		9C93A8A6979B659C019D9C82 /* RDLCanvasView.h */ = {isa = PBXFileReference; lastKnownFileType = sourcecode.c.h; path = RDLCanvasView.h; sourceTree = "<group>"; };
		9FDB08F274A9264C500CEE4F /* rdlgen */ = {isa = PBXFileReference; explicitFileType = "compiled.mach-o.executable"; includeInIndex = 0; path = rdlgen; sourceTree = BUILT_PRODUCTS_DIR; };
		A69B8AA7A0888F1CCFEA1A09 /* RDLChecker.h */ = {isa = PBXFileReference; lastKnownFileType = sourcecode.c.h; path = RDLChecker.h; sourceTree = "<group>"; };
		A896A40DCA2AB0F57532ECFA /* Info.plist */ = {isa = PBXFileReference; lastKnownFileType = text.plist.xml; path = Info.plist; sourceTree = "<group>"; };
		AF7A0C2EA618F5BE947043F1 /* RDLCanvasView.m */ = {isa = PBXFileReference; lastKnownFileType = sourcecode.c.objc; path = RDLCanvasView.m; sourceTree = "<group>"; };
		B621BC81F65752457F397A3D /* RDLDesignerWindow.h */ = {isa = PBXFileReference; lastKnownFileType = sourcecode.c.h; path = RDLDesignerWindow.h; sourceTree = "<group>"; };
		B76A829D5C13583285D1B6F4 /* RDLAppDelegate.m */ = {isa = PBXFileReference; lastKnownFileType = sourcecode.c.objc; path = RDLAppDelegate.m; sourceTree = "<group>"; };
		BB06AE65D2508BE359426E27 /* RDLLayoutEngine.m */ = {isa = PBXFileReference; lastKnownFileType = sourcecode.c.objc; path = RDLLayoutEngine.m; sourceTree = "<group>"; };
		BB224C8B29C878CC6C92E994 /* RDLParser.h */ = {isa = PBXFileReference; lastKnownFileType = sourcecode.c.h; path = RDLParser.h; sourceTree = "<group>"; };
		BC0759CCB84484DB344078DA /* RDLRichTextCodec.m */ = {isa = PBXFileReference; lastKnownFileType = sourcecode.c.objc; path = RDLRichTextCodec.m; sourceTree = "<group>"; };
		BE41C653CA556AECA4C3DDC7 /* RDLNewReportPanel.m */ = {isa = PBXFileReference; lastKnownFileType = sourcecode.c.objc; path = RDLNewReportPanel.m; sourceTree = "<group>"; };
		C05560EE328D33A16E4611F9 /* RDLWelcomeWindow.m */ = {isa = PBXFileReference; lastKnownFileType = sourcecode.c.objc; path = RDLWelcomeWindow.m; sourceTree = "<group>"; };
		C377F19E69246533DA7EAF09 /* RDLDesignerWindow.xib */ = {isa = PBXFileReference; lastKnownFileType = file.xib; path = RDLDesignerWindow.xib; sourceTree = "<group>"; };
		C4EBE709B7C0EB54DA16CA66 /* RDLDesigner-Info.plist */ = {isa = PBXFileReference; lastKnownFileType = text.plist.xml; path = "RDLDesigner-Info.plist"; sourceTree = "<group>"; };
		C6645C70B8F9A09B3D8DCEA5 /* RDLInspectorView.h */ = {isa = PBXFileReference; lastKnownFileType = sourcecode.c.h; path = RDLInspectorView.h; sourceTree = "<group>"; };
		C8C4A40041B77E07028495EC /* RDLChartRenderer.m */ = {isa = PBXFileReference; lastKnownFileType = sourcecode.c.objc; path = RDLChartRenderer.m; sourceTree = "<group>"; };
		C93474DC1CB746F8CEBEAE3F /* RDLItemFactory.h */ = {isa = PBXFileReference; lastKnownFileType = sourcecode.c.h; path = RDLItemFactory.h; sourceTree = "<group>"; };
		C98709F1965B7511656CE446 /* RDLSelection.h */ = {isa = PBXFileReference; lastKnownFileType = sourcecode.c.h; path = RDLSelection.h; sourceTree = "<group>"; };
		CAB789E21E4046599AD9FA60 /* RDLBackend.h */ = {isa = PBXFileReference; lastKnownFileType = sourcecode.c.h; path = RDLBackend.h; sourceTree = "<group>"; };
		CB30BBD185439ABC015B8C91 /* RDLReport.m */ = {isa = PBXFileReference; lastKnownFileType = sourcecode.c.objc; path = RDLReport.m; sourceTree = "<group>"; };
		CEBAF52730470D1500D62319 /* RDLExpressionHelper.h */ = {isa = PBXFileReference; lastKnownFileType = sourcecode.c.h; path = RDLExpressionHelper.h; sourceTree = "<group>"; };
		CEBAF52830470D1500D62319 /* RDLExpressionHelper.m */ = {isa = PBXFileReference; lastKnownFileType = sourcecode.c.objc; path = RDLExpressionHelper.m; sourceTree = "<group>"; };
		CEBAF52930470D1500D62319 /* RDLTablixEditor.h */ = {isa = PBXFileReference; lastKnownFileType = sourcecode.c.h; path = RDLTablixEditor.h; sourceTree = "<group>"; };
		CEBAF52A30470D1500D62319 /* RDLTablixEditor.m */ = {isa = PBXFileReference; lastKnownFileType = sourcecode.c.objc; path = RDLTablixEditor.m; sourceTree = "<group>"; };
		C76EBA0FEC9227BF885BD3B7 /* RDLFieldInspectorView.h */ = {isa = PBXFileReference; lastKnownFileType = sourcecode.c.h; path = RDLFieldInspectorView.h; sourceTree = "<group>"; };
		26E23B7DAFA319491860E942 /* RDLFieldInspectorView.m */ = {isa = PBXFileReference; lastKnownFileType = sourcecode.c.objc; path = RDLFieldInspectorView.m; sourceTree = "<group>"; };
		B59B74242F87A61A52A0E21E /* RDLInsertPalette.h */ = {isa = PBXFileReference; lastKnownFileType = sourcecode.c.h; path = RDLInsertPalette.h; sourceTree = "<group>"; };
		C70CCF437FA426E4884C9BFB /* RDLInsertPalette.m */ = {isa = PBXFileReference; lastKnownFileType = sourcecode.c.objc; path = RDLInsertPalette.m; sourceTree = "<group>"; };
		5421B5A4D5EEB992DA5D7F10 /* RDLExpressionEditor.xib */ = {isa = PBXFileReference; lastKnownFileType = file.xib; path = RDLExpressionEditor.xib; sourceTree = "<group>"; };
		C359DF7EADC9BA2A080806D1 /* RDLExpressionEditor.h */ = {isa = PBXFileReference; lastKnownFileType = sourcecode.c.h; path = RDLExpressionEditor.h; sourceTree = "<group>"; };
		2FD025815654CEDFAAEE73CF /* RDLExpressionEditor.m */ = {isa = PBXFileReference; lastKnownFileType = sourcecode.c.objc; path = RDLExpressionEditor.m; sourceTree = "<group>"; };
		B87C6EFCB77B80797692C3C3 /* RDLExpressionField.m */ = {isa = PBXFileReference; lastKnownFileType = sourcecode.c.objc; path = RDLExpressionField.m; sourceTree = "<group>"; };
		853320B40D8CC7853A04791C /* RDLExpressionField.h */ = {isa = PBXFileReference; lastKnownFileType = sourcecode.c.h; path = RDLExpressionField.h; sourceTree = "<group>"; };
		AA04TABBADGE000000001 /* RDLTabBadge.h */ = {isa = PBXFileReference; lastKnownFileType = sourcecode.c.h; path = RDLTabBadge.h; sourceTree = "<group>"; };
		AA04DSFIELDS000000001 /* RDLDatasetFieldsView.h */ = {isa = PBXFileReference; lastKnownFileType = sourcecode.c.h; path = RDLDatasetFieldsView.h; sourceTree = "<group>"; };
		AA04DSNAV000000000001 /* RDLDatasetNavigator.h */ = {isa = PBXFileReference; lastKnownFileType = sourcecode.c.h; path = RDLDatasetNavigator.h; sourceTree = "<group>"; };
		AA01DSFIELDS000000001 /* RDLDatasetFieldsView.m */ = {isa = PBXFileReference; lastKnownFileType = sourcecode.c.objc; path = RDLDatasetFieldsView.m; sourceTree = "<group>"; };
		AA01DSNAV000000000001 /* RDLDatasetNavigator.m */ = {isa = PBXFileReference; lastKnownFileType = sourcecode.c.objc; path = RDLDatasetNavigator.m; sourceTree = "<group>"; };
		AA01DMTABITEM00000001 /* DMTabBarItem.m */ = {isa = PBXFileReference; lastKnownFileType = sourcecode.c.objc; name = DMTabBarItem.m; path = RDLDesigner/ThirdParty/DMTabBar/DMTabBarItem.m; sourceTree = SOURCE_ROOT; };
		6ACAE7E76A550E243C12D974 /* DMTabBar.h */ = {isa = PBXFileReference; lastKnownFileType = sourcecode.c.h; name = DMTabBar.h; path = RDLDesigner/ThirdParty/DMTabBar/DMTabBar.h; sourceTree = SOURCE_ROOT; };
		2B0BC90A5C36FA8C18794935 /* DMTabBarItem.h */ = {isa = PBXFileReference; lastKnownFileType = sourcecode.c.h; name = DMTabBarItem.h; path = RDLDesigner/ThirdParty/DMTabBar/DMTabBarItem.h; sourceTree = SOURCE_ROOT; };
		AA01DMTABBAR000000001 /* DMTabBar.m */ = {isa = PBXFileReference; lastKnownFileType = sourcecode.c.objc; name = DMTabBar.m; path = RDLDesigner/ThirdParty/DMTabBar/DMTabBar.m; sourceTree = SOURCE_ROOT; };
		AA01TABBADGE0000000001 /* RDLTabBadge.m */ = {isa = PBXFileReference; lastKnownFileType = sourcecode.c.objc; name = RDLTabBadge.m; path = RDLDesigner/RDLTabBadge.m; sourceTree = SOURCE_ROOT; };
		CEBAF52D30473A9E00D62319 /* RDLRichTextEditor.h */ = {isa = PBXFileReference; lastKnownFileType = sourcecode.c.h; path = RDLRichTextEditor.h; sourceTree = "<group>"; };
		CEBAF52E30473A9E00D62319 /* RDLRichTextEditor.m */ = {isa = PBXFileReference; lastKnownFileType = sourcecode.c.objc; path = RDLRichTextEditor.m; sourceTree = "<group>"; };
		D0E2612F70B1AC04570C5BC5 /* RDLImporter.h */ = {isa = PBXFileReference; lastKnownFileType = sourcecode.c.h; path = RDLImporter.h; sourceTree = "<group>"; };
		D1E9E37DC2B0D5DB648E8604 /* RDLInspectorFields.h */ = {isa = PBXFileReference; lastKnownFileType = sourcecode.c.h; path = RDLInspectorFields.h; sourceTree = "<group>"; };
		D58DAAC10D914F13B6654E2A /* RDLChartRenderer.h */ = {isa = PBXFileReference; lastKnownFileType = sourcecode.c.h; path = RDLChartRenderer.h; sourceTree = "<group>"; };
		D71BB3CC463536F2A922B52E /* RDLOutlineDataSource.h */ = {isa = PBXFileReference; lastKnownFileType = sourcecode.c.h; path = RDLOutlineDataSource.h; sourceTree = "<group>"; };
		D7C42B02B9723B65DDFAD0E0 /* RDLZipArchive.h */ = {isa = PBXFileReference; lastKnownFileType = sourcecode.c.h; path = RDLZipArchive.h; sourceTree = "<group>"; };
		D7D74E030B048EC215609423 /* RDLUpgrader.h */ = {isa = PBXFileReference; lastKnownFileType = sourcecode.c.h; path = RDLUpgrader.h; sourceTree = "<group>"; };
		DAB2A7A5AE6E5BE964549133 /* RDLPDFBackend.m */ = {isa = PBXFileReference; lastKnownFileType = sourcecode.c.objc; path = RDLPDFBackend.m; sourceTree = "<group>"; };
		DC31C18582DB97C5DF6573CD /* main.m */ = {isa = PBXFileReference; lastKnownFileType = sourcecode.c.objc; path = main.m; sourceTree = "<group>"; };
		DD7B50C6479576FE6C9A5F4D /* RDLEditingContext.m */ = {isa = PBXFileReference; lastKnownFileType = sourcecode.c.objc; path = RDLEditingContext.m; sourceTree = "<group>"; };
		E06BE05A7516B6E7B0D0E2A1 /* RDLParser.m */ = {isa = PBXFileReference; lastKnownFileType = sourcecode.c.objc; path = RDLParser.m; sourceTree = "<group>"; };
		E36F1417AB3C67B3E26DEFF8 /* RDLDataView.h */ = {isa = PBXFileReference; lastKnownFileType = sourcecode.c.h; path = RDLDataView.h; sourceTree = "<group>"; };
		E46BA8ED30D063FB448EB1DE /* RDLSamples.m */ = {isa = PBXFileReference; lastKnownFileType = sourcecode.c.objc; path = RDLSamples.m; sourceTree = "<group>"; };
		E7EE2913922B76161C121E0A /* RDLNewReport.m */ = {isa = PBXFileReference; lastKnownFileType = sourcecode.c.objc; path = RDLNewReport.m; sourceTree = "<group>"; };
		E7F4AAE5DA543577DD26E124 /* README.md */ = {isa = PBXFileReference; lastKnownFileType = net.daringfireball.markdown; path = README.md; sourceTree = "<group>"; };
		E989DF8464B34666FDA8CDAA /* RDLGenerator.m */ = {isa = PBXFileReference; lastKnownFileType = sourcecode.c.objc; path = RDLGenerator.m; sourceTree = "<group>"; };
		ECA7AA14CCC8D0BD7254F3A8 /* RDLZipArchive.m */ = {isa = PBXFileReference; lastKnownFileType = sourcecode.c.objc; path = RDLZipArchive.m; sourceTree = "<group>"; };
		ED8FB43465A94113819D4184 /* RDLEditingContext.h */ = {isa = PBXFileReference; lastKnownFileType = sourcecode.c.h; path = RDLEditingContext.h; sourceTree = "<group>"; };
		F1EE0475B7EBC42015D59375 /* RDLView.m */ = {isa = PBXFileReference; lastKnownFileType = sourcecode.c.objc; path = RDLView.m; sourceTree = "<group>"; };
		F2530ACA702894971A26320C /* RDLImporter.m */ = {isa = PBXFileReference; lastKnownFileType = sourcecode.c.objc; path = RDLImporter.m; sourceTree = "<group>"; };
		F3D38A29DDBE8ADCC484A10E /* RDLPreviewWindow.xib */ = {isa = PBXFileReference; lastKnownFileType = file.xib; path = RDLPreviewWindow.xib; sourceTree = "<group>"; };
		F6A6288C68C9B7B336B41990 /* RDLUpgrader.m */ = {isa = PBXFileReference; lastKnownFileType = sourcecode.c.objc; path = RDLUpgrader.m; sourceTree = "<group>"; };
		F7064FFF1DCC05FBB4A90EDD /* RDLTextAttributes.m */ = {isa = PBXFileReference; lastKnownFileType = sourcecode.c.objc; path = RDLTextAttributes.m; sourceTree = "<group>"; };
		FD2BA757C61D0F567D92D2C8 /* RDLInspectorSections.xib */ = {isa = PBXFileReference; lastKnownFileType = file.xib; path = RDLInspectorSections.xib; sourceTree = "<group>"; };
		FD46A1AE98C8CBB1F8B7FD5C /* RDLCanvasRenderer.m */ = {isa = PBXFileReference; lastKnownFileType = sourcecode.c.objc; path = RDLCanvasRenderer.m; sourceTree = "<group>"; };
/* End PBXFileReference section */

/* Begin PBXFrameworksBuildPhase section */
		2B396DA3F7C5571D3F7FCD3D /* Frameworks */ = {
			isa = PBXFrameworksBuildPhase;
			buildActionMask = 2147483647;
			files = (
				CE65B5EED5EC5A3A470E38EE /* RDLKit.framework in Frameworks */,
				9C525284C4FE682D677B4E12 /* Cocoa.framework in Frameworks */,
				04CF4D9048301BEEE8ED0513 /* AppKit.framework in Frameworks */,
			);
			runOnlyForDeploymentPostprocessing = 0;
		};
		372EFEEE5F8D5A11D2D64CA6 /* Frameworks */ = {
			isa = PBXFrameworksBuildPhase;
			buildActionMask = 2147483647;
			files = (
				34F5FB27860DCDFCF7241FCE /* RDLKit.framework in Frameworks */,
			);
			runOnlyForDeploymentPostprocessing = 0;
		};
		4116E98744ABB22AED50FBDD /* Frameworks */ = {
			isa = PBXFrameworksBuildPhase;
			buildActionMask = 2147483647;
			files = (
				5CA2B37A0E355D5F2898D6C0 /* RDLKit.framework in Frameworks */,
				9344C238D4AB0EB8FD9A6A05 /* Cocoa.framework in Frameworks */,
				9103EFB536BAD208E47EBC10 /* AppKit.framework in Frameworks */,
			);
			runOnlyForDeploymentPostprocessing = 0;
		};
		79D49D6BD76D7A0DC436FE64 /* Frameworks */ = {
			isa = PBXFrameworksBuildPhase;
			buildActionMask = 2147483647;
			files = (
				2542A9DFAC29096649324061 /* RDLKit.framework in Frameworks */,
				E97A29A2AD303803BF10C5E8 /* AppKit.framework in Frameworks */,
			);
			runOnlyForDeploymentPostprocessing = 0;
		};
		CDBFB62783883E55A0C29C70 /* Frameworks */ = {
			isa = PBXFrameworksBuildPhase;
			buildActionMask = 2147483647;
			files = (
				8D92EA1642AFC3256F660C88 /* AppKit.framework in Frameworks */,
				0FEF055A10144BEB0846DD94 /* Foundation.framework in Frameworks */,
			);
			runOnlyForDeploymentPostprocessing = 0;
		};
/* End PBXFrameworksBuildPhase section */

/* Begin PBXGroup section */
		2E717BE81530C7484312DD81 /* RDLGen */ = {
			isa = PBXGroup;
			children = (
				52D939EF9898701ED8C0484C /* main.m */,
				30C70FC212DFDBB423681D78 /* README.md */,
			);
			path = RDLGen;
			sourceTree = "<group>";
		};
		367BDD79C0EB7824B717F2C6 /* RDLDesigner */ = {
			isa = PBXGroup;
			children = (
				CEBAF52D30473A9E00D62319 /* RDLRichTextEditor.h */,
				CEBAF52E30473A9E00D62319 /* RDLRichTextEditor.m */,
				CEBAF52730470D1500D62319 /* RDLExpressionHelper.h */,
				CEBAF52830470D1500D62319 /* RDLExpressionHelper.m */,
				CEBAF52930470D1500D62319 /* RDLTablixEditor.h */,
				CEBAF52A30470D1500D62319 /* RDLTablixEditor.m */,
				C76EBA0FEC9227BF885BD3B7 /* RDLFieldInspectorView.h */,
				26E23B7DAFA319491860E942 /* RDLFieldInspectorView.m */,
				B59B74242F87A61A52A0E21E /* RDLInsertPalette.h */,
				C70CCF437FA426E4884C9BFB /* RDLInsertPalette.m */,
				5421B5A4D5EEB992DA5D7F10 /* RDLExpressionEditor.xib */,
				C359DF7EADC9BA2A080806D1 /* RDLExpressionEditor.h */,
				2FD025815654CEDFAAEE73CF /* RDLExpressionEditor.m */,
				B87C6EFCB77B80797692C3C3 /* RDLExpressionField.m */,
				853320B40D8CC7853A04791C /* RDLExpressionField.h */,
				AA04TABBADGE000000001 /* RDLTabBadge.h */,
				AA04DSFIELDS000000001 /* RDLDatasetFieldsView.h */,
				AA04DSNAV000000000001 /* RDLDatasetNavigator.h */,
				AA01DSFIELDS000000001 /* RDLDatasetFieldsView.m */,
				AA01DSNAV000000000001 /* RDLDatasetNavigator.m */,
				AA01DMTABITEM00000001 /* DMTabBarItem.m */,
				6ACAE7E76A550E243C12D974 /* DMTabBar.h */,
				2B0BC90A5C36FA8C18794935 /* DMTabBarItem.h */,
				AA01DMTABBAR000000001 /* DMTabBar.m */,
				AA01TABBADGE0000000001 /* RDLTabBadge.m */,
				4BBD021D6129910A18C54E70 /* RDLAppDelegate.h */,
				9C93A8A6979B659C019D9C82 /* RDLCanvasView.h */,
				E36F1417AB3C67B3E26DEFF8 /* RDLDataView.h */,
				B621BC81F65752457F397A3D /* RDLDesignerWindow.h */,
				716F81F62762E1B81C134DB0 /* RDLGeneratorWindow.h */,
				C6645C70B8F9A09B3D8DCEA5 /* RDLInspectorView.h */,
				6953FC0FFD8435619E816F9E /* RDLSamples.h */,
				592B68BD2F966622839891E7 /* RDLWelcomeWindow.h */,
				DC31C18582DB97C5DF6573CD /* main.m */,
				B76A829D5C13583285D1B6F4 /* RDLAppDelegate.m */,
				AF7A0C2EA618F5BE947043F1 /* RDLCanvasView.m */,
				56FF59445895326DCEBE3E51 /* RDLDataView.m */,
				88F0BDB43861D06A9D120937 /* RDLDesignerWindow.m */,
				9AB735B023E47621763374DB /* RDLGeneratorWindow.m */,
				7EFA16D79BB10E2489A21CC2 /* RDLInspectorView.m */,
				E46BA8ED30D063FB448EB1DE /* RDLSamples.m */,
				C05560EE328D33A16E4611F9 /* RDLWelcomeWindow.m */,
				C4EBE709B7C0EB54DA16CA66 /* RDLDesigner-Info.plist */,
				E7F4AAE5DA543577DD26E124 /* README.md */,
				ED8FB43465A94113819D4184 /* RDLEditingContext.h */,
				DD7B50C6479576FE6C9A5F4D /* RDLEditingContext.m */,
				7ED4103CA65B712F3FBE7DB0 /* RDLCanvasRenderer.h */,
				FD46A1AE98C8CBB1F8B7FD5C /* RDLCanvasRenderer.m */,
				1D34F79EB19926E545BF9C88 /* RDLInPlaceEditor.h */,
				15F2DE9F3205E7B493B22D39 /* RDLInPlaceEditor.m */,
				6889074C60A6765F66175242 /* RDLCanvasInteraction.h */,
				1C7BAEB02EB104C0A3D3FD1C /* RDLCanvasInteraction.m */,
				D1E9E37DC2B0D5DB648E8604 /* RDLInspectorFields.h */,
				91729268250D3DF7575FC73D /* RDLInspectorFields.m */,
				D71BB3CC463536F2A922B52E /* RDLOutlineDataSource.h */,
				67866694DB877F0F4DA854A9 /* RDLOutlineDataSource.m */,
				7994E9DA249D01FF65771325 /* RDLChange.h */,
				56DA1575ED9128D08779DB1D /* RDLChange.m */,
				1BA3C606A373E9B617F1AEB3 /* RDLDocument.h */,
				35147D841AE926FFE3AD77B1 /* RDLDocument.m */,
				9AED2D8A7BF4194B05DFD277 /* RDLEditor.h */,
				6541F77535AD3E1373D82122 /* RDLEditor.m */,
				C98709F1965B7511656CE446 /* RDLSelection.h */,
				34F661B42A6228C31982DF99 /* RDLSelection.m */,
				C93474DC1CB746F8CEBEAE3F /* RDLItemFactory.h */,
				7B5800982DB92CA9D51B03CC /* RDLItemFactory.m */,
				48414B2813BA41DB411AC57A /* RDLPageGeometry.h */,
				9524D1B90D804A24421BD61B /* RDLPageGeometry.m */,
				11C5F9A9E901CA1BF142761D /* RDLRichTextCodec.h */,
				BC0759CCB84484DB344078DA /* RDLRichTextCodec.m */,
				0A1BF161B8F9CBBC60FC1A1A /* RDLWelcomeWindow.xib */,
				9C8A71C79B82884FF928EBE1 /* MainMenu.xib */,
				50F5F68C92EA73417F3EFF61 /* RDLRichTextEditor.xib */,
				6CABBF53E00B2DB406D58975 /* RDLTablixEditor.xib */,
				C377F19E69246533DA7EAF09 /* RDLDesignerWindow.xib */,
				F3D38A29DDBE8ADCC484A10E /* RDLPreviewWindow.xib */,
				27DB8C5CCBB595290E4B7BBE /* RDLAddElementPanel.xib */,
				39D4A9ED7DAEFDD8C43CA55B /* RDLGeneratorWindow.xib */,
				FD2BA757C61D0F567D92D2C8 /* RDLInspectorSections.xib */,
				59052354FED2A23FCBB86CE3 /* RDLRichTextFormatter.h */,
				701CC6AEAF76424D92FDAD30 /* RDLRichTextFormatter.m */,
				0DA4E4FF4FAE775A4047CEB3 /* RDLNewReport.h */,
				E7EE2913922B76161C121E0A /* RDLNewReport.m */,
				3F5A5B18A1D85BFC4675D077 /* RDLNewReportPanel.h */,
				BE41C653CA556AECA4C3DDC7 /* RDLNewReportPanel.m */,
				8399CC90B6584EEB8751BAD3 /* RDLNewReportPanel.xib */,
			);
			path = RDLDesigner;
			sourceTree = "<group>";
		};
		45316B45CB436116EC434408 /* RDLKit */ = {
			isa = PBXGroup;
			children = (
				03EB33FD7A64B360E76AF94E /* RDLKit.h */,
				0870B1CA8FCBFEE09BFC85EF /* RDLCompatibility.h */,
				5B462C812D943AA1A0D5BFDC /* RDLReport.h */,
				BB224C8B29C878CC6C92E994 /* RDLParser.h */,
				1B73D39AEAC5AB3BBF0BBAEF /* RDLExpression.h */,
				388AD53F1764907577168AE8 /* RDLLayoutEngine.h */,
				5287B31A4A81269C168B694D /* RDLView.h */,
				CAB789E21E4046599AD9FA60 /* RDLBackend.h */,
				27ECA835280D45B396FB5C44 /* RDLGenerator.h */,
				CB30BBD185439ABC015B8C91 /* RDLReport.m */,
				E06BE05A7516B6E7B0D0E2A1 /* RDLParser.m */,
				7CECB821FFED22DFD87FEE06 /* RDLExpression.m */,
				79BBBCA4D537CA0698FE43F8 /* RDLExpressionCatalog.m */,
				690DD4BAEE75B7692F7F7A2F /* RDLExpressionCatalog.h */,
				BB06AE65D2508BE359426E27 /* RDLLayoutEngine.m */,
				F1EE0475B7EBC42015D59375 /* RDLView.m */,
				2678A8FD3DE3C6832EB942ED /* RDLHTMLBackend.m */,
				DAB2A7A5AE6E5BE964549133 /* RDLPDFBackend.m */,
				E989DF8464B34666FDA8CDAA /* RDLGenerator.m */,
				901AB0AC0C53219CCE9B02C9 /* README.md */,
				3988A14CD9E1B0BA1FAC689B /* GNUmakefile */,
				3F4EDB67286407E9A2344599 /* RDLTextAttributes.h */,
				F7064FFF1DCC05FBB4A90EDD /* RDLTextAttributes.m */,
				D7D74E030B048EC215609423 /* RDLUpgrader.h */,
				F6A6288C68C9B7B336B41990 /* RDLUpgrader.m */,
				D58DAAC10D914F13B6654E2A /* RDLChartRenderer.h */,
				C8C4A40041B77E07028495EC /* RDLChartRenderer.m */,
				A69B8AA7A0888F1CCFEA1A09 /* RDLChecker.h */,
				5E46887EEBE88948C77788A7 /* RDLChecker.m */,
				D7C42B02B9723B65DDFAD0E0 /* RDLZipArchive.h */,
				ECA7AA14CCC8D0BD7254F3A8 /* RDLZipArchive.m */,
				56D1A1CB0C8D9E6BADBF8A27 /* RDLDocxReader.h */,
				77DD5A25CE0B19552E044D29 /* RDLDocxReader.m */,
				D0E2612F70B1AC04570C5BC5 /* RDLImporter.h */,
				F2530ACA702894971A26320C /* RDLImporter.m */,
			);
			path = RDLKit;
			sourceTree = "<group>";
		};
		4FDE57E4B72FFCEE306CEB0F /* Products */ = {
			isa = PBXGroup;
			children = (
				36F476BBE541DC85EE2D7647 /* RDLKit.framework */,
				595C479D7AC91F29089D5228 /* RDLDesigner.app */,
				9FDB08F274A9264C500CEE4F /* rdlgen */,
				3ACD4FCE2926083C83034463 /* RDLKitTests.xctest */,
				6790076B2E553AE0FAFF4A94 /* RDLDesignerTests.xctest */,
			);
			name = Products;
			sourceTree = "<group>";
		};
		79B75F223E5D7AEAEC1468B4 /* Frameworks */ = {
			isa = PBXGroup;
			children = (
				5B7068E3A597C2544433CB15 /* AppKit.framework */,
				5FAFB6AF50417D519888C179 /* Foundation.framework */,
				5BC4A9A4E48001E3E80DBB5A /* Cocoa.framework */,
			);
			name = Frameworks;
			sourceTree = "<group>";
		};
		9D4444B8635515926096826D /* RDLDesignerTests */ = {
			isa = PBXGroup;
			children = (
						BED4F7F47370280134D98924 /* RDLEditingCoreTests.m */,
				846F4768697B4DEE47CF9E84 /* RDLCanvasTests.m */,
				44568EE3E1F9A8DC7CDE9231 /* RDLDesignerTestSupport.m */,
				D39E02F85B650039C8E476FB /* RDLWindowTests.m */,
				23D1684C2D8DAF646E15E2EE /* RDLInspectorTests.m */,
				DE1BA51B1878045B3834CE9D /* RDLExpressionUITests.m */,
				EB20F4D0BDE017BF66816ABC /* RDLRichTextTests.m */,
				50CD2FCCCFF2B3C533AC0656 /* RDLTablixUITests.m */,
				AF18E755B422EE181FC0E545 /* RDLNewReportTests.m */,
				7CF29ABD1AD1599F2EDE93D3 /* RDLDesignerTestSupport.h */,
				A896A40DCA2AB0F57532ECFA /* Info.plist */,
				18F13C0ED4E70F80B9FCF4C0 /* README.md */,
			);
			path = RDLDesignerTests;
			sourceTree = "<group>";
		};
		BDE88D77EBDC01774960BE71 = {
			isa = PBXGroup;
			children = (
				45316B45CB436116EC434408 /* RDLKit */,
				367BDD79C0EB7824B717F2C6 /* RDLDesigner */,
				2E717BE81530C7484312DD81 /* RDLGen */,
				E1F97BA8A1EBCC74BB0E0AFC /* RDLKitTests */,
				9D4444B8635515926096826D /* RDLDesignerTests */,
				5B525B480D23A981A0DB1611 /* README.md */,
				79B75F223E5D7AEAEC1468B4 /* Frameworks */,
				4FDE57E4B72FFCEE306CEB0F /* Products */,
			);
			sourceTree = "<group>";
		};
		E1F97BA8A1EBCC74BB0E0AFC /* RDLKitTests */ = {
			isa = PBXGroup;
			children = (
				3EE5DC9DFCDAA942B60A07FB /* RDLTestSupport.m */,
				E84D5E515A0D6818D1F83992 /* RDLParserTests.m */,
				69E0824091C29856C59ED68C /* RDLExpressionTests.m */,
				3CA1E80C094C18FA7B47E0D8 /* RDLLayoutTests.m */,
				7C9F4863CFEE58C716DC3634 /* RDLBackendTests.m */,
				C36BC523F4CAFC0F7C197E70 /* RDLImportTests.m */,
				1F3E5E61916F7EBBEF7CD38E /* RDLTestSupport.h */,
				3FF932DD49FE9CA2225FCE16 /* Info.plist */,
				8CBC030D3A8D2EF4DCBED36A /* README.md */,
			);
			path = RDLKitTests;
			sourceTree = "<group>";
		};
/* End PBXGroup section */

/* Begin PBXHeadersBuildPhase section */
		7904DBFDD0ABC4FECE1D6E19 /* Headers */ = {
			isa = PBXHeadersBuildPhase;
			buildActionMask = 2147483647;
			files = (
				DD27E7C9DFCA6B68D3BD3521 /* RDLKit.h in Headers */,
				09B7F4F94CF7B7CAD50CC62C /* RDLCompatibility.h in Headers */,
				EA1ECD1351FA319CC3B4E37C /* RDLReport.h in Headers */,
				C3EB649CC42680C456B883E3 /* RDLParser.h in Headers */,
				9FBD142AFC677F41736F21C6 /* RDLExpression.h in Headers */,
				E4025888B9969228E6FBF445 /* RDLExpressionCatalog.h in Headers */,
				A3334DF23B268F3151A81276 /* RDLLayoutEngine.h in Headers */,
				A2F0FA38F5F0CE312118BC0F /* RDLView.h in Headers */,
				32E8E73DCB0DEF3A0DE88EF1 /* RDLBackend.h in Headers */,
				15172DE8214E9EDE7FF97C4C /* RDLGenerator.h in Headers */,
				855523F8038FD7429053B6E1 /* RDLTextAttributes.h in Headers */,
				E1455B7A4E59E9EC65FE8340 /* RDLUpgrader.h in Headers */,
				F02041FC1136A1CBE9435FF9 /* RDLChartRenderer.h in Headers */,
				A23D0F96B518E64672B3277F /* RDLChecker.h in Headers */,
				6933ADC28B3E7AE06AB2DE3B /* RDLZipArchive.h in Headers */,
				F4AD7C00306AE84C038A4131 /* RDLDocxReader.h in Headers */,
				0C89ABD04BA653D7357D3688 /* RDLImporter.h in Headers */,
			);
			runOnlyForDeploymentPostprocessing = 0;
		};
/* End PBXHeadersBuildPhase section */

/* Begin PBXNativeTarget section */
		2FE3FBD7A51C361D063370C7 /* RDLDesigner */ = {
			isa = PBXNativeTarget;
			buildConfigurationList = B32609AB0116718037E776D2 /* Build configuration list for PBXNativeTarget "RDLDesigner" */;
			buildPhases = (
				9A62AC01A2B00BE761FA3E90 /* Sources */,
				4116E98744ABB22AED50FBDD /* Frameworks */,
				F0BE7C60351F60A2424990B8 /* Resources */,
				832B849E62CD55F4E60B2DA6 /* Embed Frameworks */,
			);
			buildRules = (
			);
			dependencies = (
				BDB8DF0A5AE8AFF9CE59BB30 /* PBXTargetDependency */,
			);
			name = RDLDesigner;
			productName = RDLDesigner;
			productReference = 595C479D7AC91F29089D5228 /* RDLDesigner.app */;
			productType = "com.apple.product-type.application";
		};
		45C98D5FCE3016A4889B25F4 /* RDLKitTests */ = {
			isa = PBXNativeTarget;
			buildConfigurationList = 45142A599B36A5D993641B46 /* Build configuration list for PBXNativeTarget "RDLKitTests" */;
			buildPhases = (
				8967BADA0134978ADD4D33C6 /* Sources */,
				79D49D6BD76D7A0DC436FE64 /* Frameworks */,
			);
			buildRules = (
			);
			dependencies = (
				64DBFE94FE71CE6DE9455536 /* PBXTargetDependency */,
			);
			name = RDLKitTests;
			productName = RDLKitTests;
			productReference = 3ACD4FCE2926083C83034463 /* RDLKitTests.xctest */;
			productType = "com.apple.product-type.bundle.unit-test";
		};
		D125E61DED1C7934C31DB9B9 /* RDLGen */ = {
			isa = PBXNativeTarget;
			buildConfigurationList = ACD9B0E6AD6D91B1ED390CC2 /* Build configuration list for PBXNativeTarget "RDLGen" */;
			buildPhases = (
				6D7BCA08514DA73CAB700FD2 /* Sources */,
				2B396DA3F7C5571D3F7FCD3D /* Frameworks */,
				DC920F24DD0598BDE395A9DE /* Copy Frameworks */,
			);
			buildRules = (
			);
			dependencies = (
				B2F3F811EAE5F5276803D36F /* PBXTargetDependency */,
			);
			name = RDLGen;
			productName = RDLGen;
			productReference = 9FDB08F274A9264C500CEE4F /* rdlgen */;
			productType = "com.apple.product-type.tool";
		};
		DD1BD88978FB5AC6C4DA2266 /* RDLDesignerTests */ = {
			isa = PBXNativeTarget;
			buildConfigurationList = 48C5581DF83A7378DF03FAD6 /* Build configuration list for PBXNativeTarget "RDLDesignerTests" */;
			buildPhases = (
				A38464B071A1A354E92781FB /* Sources */,
				372EFEEE5F8D5A11D2D64CA6 /* Frameworks */,
				0C7A1FD3B4E5A6C7D8E9F001 /* Resources */,
			);
			buildRules = (
			);
			dependencies = (
			);
			name = RDLDesignerTests;
			productName = RDLDesignerTests;
			productReference = 6790076B2E553AE0FAFF4A94 /* RDLDesignerTests.xctest */;
			productType = "com.apple.product-type.bundle.unit-test";
		};
		F14379BD3391DC97D94E4AC2 /* RDLKit */ = {
			isa = PBXNativeTarget;
			buildConfigurationList = C6DC951750BAB4FF5516E1E3 /* Build configuration list for PBXNativeTarget "RDLKit" */;
			buildPhases = (
				7904DBFDD0ABC4FECE1D6E19 /* Headers */,
				BBD96B25C463E4F2194995B6 /* Sources */,
				CDBFB62783883E55A0C29C70 /* Frameworks */,
			);
			buildRules = (
			);
			dependencies = (
			);
			name = RDLKit;
			productName = RDLKit;
			productReference = 36F476BBE541DC85EE2D7647 /* RDLKit.framework */;
			productType = "com.apple.product-type.framework";
		};
/* End PBXNativeTarget section */

/* Begin PBXProject section */
		98F54143AB4E86B28C3AFEE0 /* Project object */ = {
			isa = PBXProject;
			attributes = {
				BuildIndependentTargetsInParallel = 1;
				LastUpgradeCheck = 1500;
				ORGANIZATIONNAME = RDLDesigner;
				TargetAttributes = {
					2FE3FBD7A51C361D063370C7 = {
						CreatedOnToolsVersion = 15.0;
					};
					45C98D5FCE3016A4889B25F4 = {
						CreatedOnToolsVersion = 15.0;
					};
					D125E61DED1C7934C31DB9B9 = {
						CreatedOnToolsVersion = 15.0;
					};
					F14379BD3391DC97D94E4AC2 = {
						CreatedOnToolsVersion = 15.0;
					};
				};
			};
			buildConfigurationList = 61E44E14228E7449E75C66FE /* Build configuration list for PBXProject "RDLKit" */;
			compatibilityVersion = "Xcode 14.0";
			developmentRegion = en;
			hasScannedForEncodings = 0;
			knownRegions = (
				en,
				Base,
			);
			mainGroup = BDE88D77EBDC01774960BE71;
			productRefGroup = 4FDE57E4B72FFCEE306CEB0F /* Products */;
			projectDirPath = "";
			projectRoot = "";
			targets = (
				DD1BD88978FB5AC6C4DA2266 /* RDLDesignerTests */,
				F14379BD3391DC97D94E4AC2 /* RDLKit */,
				2FE3FBD7A51C361D063370C7 /* RDLDesigner */,
				D125E61DED1C7934C31DB9B9 /* RDLGen */,
				45C98D5FCE3016A4889B25F4 /* RDLKitTests */,
			);
		};
/* End PBXProject section */

/* Begin PBXResourcesBuildPhase section */
		0C7A1FD3B4E5A6C7D8E9F001 /* Resources */ = {
			isa = PBXResourcesBuildPhase;
			buildActionMask = 2147483647;
			files = (
				B0416F86DBD049EB5F33EF82 /* RDLDesignerWindow.xib in Resources */,
				D2493D73409B6A85F034C0C3 /* RDLInspectorSections.xib in Resources */,
				A9D36F21592199B43754B5E3 /* RDLExpressionEditor.xib in Resources */,
				B31B2D52BA44A3FCD9E15506 /* RDLTablixEditor.xib in Resources */,
				0F974519B2EF46F9790D99D2 /* RDLRichTextEditor.xib in Resources */,
				0177C034AE8CBD8251E87809 /* RDLNewReportPanel.xib in Resources */,
			);
			runOnlyForDeploymentPostprocessing = 0;
		};
		F0BE7C60351F60A2424990B8 /* Resources */ = {
			isa = PBXResourcesBuildPhase;
			buildActionMask = 2147483647;
			files = (
				ABBF3C3472A41DED23D94B9B /* RDLWelcomeWindow.xib in Resources */,
				E7F8944CAEB592B0657501A0 /* MainMenu.xib in Resources */,
				6BCBCF5E3943CCD3A1684F6E /* RDLRichTextEditor.xib in Resources */,
				054907D502906770EABE040B /* RDLExpressionEditor.xib in Resources */,
				0F974518B2EF46F9790D99D1 /* RDLTablixEditor.xib in Resources */,
				4E27950D2900B2B9B96ED0C5 /* RDLDesignerWindow.xib in Resources */,
				B165DBE8251A8B763F003AC8 /* RDLPreviewWindow.xib in Resources */,
				D94080269225683213760055 /* RDLAddElementPanel.xib in Resources */,
				EBF7165C1B6689C83EFFE827 /* RDLGeneratorWindow.xib in Resources */,
				E57B48BECBA27CF5473E355C /* RDLInspectorSections.xib in Resources */,
				93DDFA3148BCE38AF05CC8AA /* RDLNewReportPanel.xib in Resources */,
			);
			runOnlyForDeploymentPostprocessing = 0;
		};
/* End PBXResourcesBuildPhase section */

/* Begin PBXSourcesBuildPhase section */
		6D7BCA08514DA73CAB700FD2 /* Sources */ = {
			isa = PBXSourcesBuildPhase;
			buildActionMask = 2147483647;
			files = (
				9EE8663597592E060D9B85E5 /* main.m in Sources */,
			);
			runOnlyForDeploymentPostprocessing = 0;
		};
		8967BADA0134978ADD4D33C6 /* Sources */ = {
			isa = PBXSourcesBuildPhase;
			buildActionMask = 2147483647;
			files = (
				B87DD5671D09E88BCFD8DEAC /* RDLTestSupport.m in Sources */,
				41FA410B37B379901E886678 /* RDLParserTests.m in Sources */,
				0F6BF9792C594A7AE6DF14FE /* RDLExpressionTests.m in Sources */,
				D706B986139C9E752800C2B6 /* RDLLayoutTests.m in Sources */,
				F0840925E35817138B9487ED /* RDLBackendTests.m in Sources */,
				262825B123E05F67287B71D5 /* RDLImportTests.m in Sources */,
			);
			runOnlyForDeploymentPostprocessing = 0;
		};
		9A62AC01A2B00BE761FA3E90 /* Sources */ = {
			isa = PBXSourcesBuildPhase;
			buildActionMask = 2147483647;
			files = (
				1AB417A75C1794728E68D04E /* main.m in Sources */,
				CD16E8E89FDBE601591035CC /* RDLAppDelegate.m in Sources */,
				5E857B5DEB5C69384F67F2C2 /* RDLCanvasView.m in Sources */,
				CEBAF52F30473A9E00D62319 /* RDLRichTextEditor.m in Sources */,
				207F62C4B325286E32DA36CC /* RDLDataView.m in Sources */,
				44DAA7FC14DCD3C38A4D90BC /* RDLDesignerWindow.m in Sources */,
				948181811E10DEB424788F78 /* RDLGeneratorWindow.m in Sources */,
				4232151F3F5B6D37A8C2E327 /* RDLInspectorView.m in Sources */,
				9424909E6EE670EF371FC07D /* RDLSamples.m in Sources */,
				C64526DBC3B8898C885ECA7F /* RDLWelcomeWindow.m in Sources */,
				CEBAF52B30470D1500D62319 /* RDLExpressionHelper.m in Sources */,
				092ECA4ECBE8C04F72A550F2 /* RDLExpressionField.m in Sources */,
				10E1771CF0E486F8012F5F5C /* RDLExpressionEditor.m in Sources */,
				C69EE91088C65CBBD163C6F6 /* RDLInsertPalette.m in Sources */,
				577C99DEA30C0956C2AFC096 /* RDLFieldInspectorView.m in Sources */,
				CEBAF52C30470D1500D62319 /* RDLTablixEditor.m in Sources */,
				AA02DSFIELDS000000001 /* RDLDatasetFieldsView.m in Sources */,
				AA02DSNAV000000000001 /* RDLDatasetNavigator.m in Sources */,
				AA02DMTABITEM00000001 /* DMTabBarItem.m in Sources */,
				AA02DMTABBAR000000001 /* DMTabBar.m in Sources */,
				AA02TABBADGE0000000001 /* RDLTabBadge.m in Sources */,
				AA17E816AF371EBB10F5333E /* RDLEditingContext.m in Sources */,
				6B7978C883C96349279108D8 /* RDLCanvasRenderer.m in Sources */,
				822F8F131161C58584227764 /* RDLInPlaceEditor.m in Sources */,
				EDA9EEB9706A25D81CA75AFD /* RDLCanvasInteraction.m in Sources */,
				C81B37A201B3B486F2605ABE /* RDLInspectorFields.m in Sources */,
				2DFB5C7E09C9DCC1AA15EC1C /* RDLOutlineDataSource.m in Sources */,
				591C1C5CA1CA5EB4F1E17F08 /* RDLChange.m in Sources */,
				2731EC6B0410997E622038AA /* RDLDocument.m in Sources */,
				2B80B4158AB80762ACC2F590 /* RDLEditor.m in Sources */,
				9705965BC747381ACEAE8CFE /* RDLSelection.m in Sources */,
				8832FC6A41582F52B597495E /* RDLItemFactory.m in Sources */,
				CE1FE97227D9FE5C9ED36D5E /* RDLPageGeometry.m in Sources */,
				17354ADEBD0361ECCDD84BF6 /* RDLRichTextCodec.m in Sources */,
				6A42D0D007C753EA81406391 /* RDLRichTextFormatter.m in Sources */,
				85E4D28A97D8150EB37E381B /* RDLNewReport.m in Sources */,
				D2C4D4627A54694089CA5C42 /* RDLNewReportPanel.m in Sources */,
			);
			runOnlyForDeploymentPostprocessing = 0;
		};
		A38464B071A1A354E92781FB /* Sources */ = {
			isa = PBXSourcesBuildPhase;
			buildActionMask = 2147483647;
			files = (
						1DB9EE7A0E6AFE983EB8C8B5 /* RDLEditingCoreTests.m in Sources */,
				540D0C1C6CAFBFD472A8964A /* RDLCanvasTests.m in Sources */,
				A011904659CD3E55C5C0F2F7 /* RDLDesignerTestSupport.m in Sources */,
				2939B78CAC5AE5F28E8E3EDA /* RDLWindowTests.m in Sources */,
				F8CD6C169FCC5E2921D4EF59 /* RDLInspectorTests.m in Sources */,
				D3CE3A2920691428D717DDBC /* RDLExpressionUITests.m in Sources */,
				E1330BBA063C46CD5F1811C7 /* RDLRichTextTests.m in Sources */,
				DF823E00D68C235797361368 /* RDLTablixUITests.m in Sources */,
				DE3591E7F216153068E5BE95 /* RDLNewReportTests.m in Sources */,
				98791F10C26FC57F73901112 /* RDLChange.m in Sources */,
				97B509FA1B16D3D45043A8C1 /* RDLDocument.m in Sources */,
				691D8E6F1A9550444019DB49 /* RDLEditor.m in Sources */,
				C6A2B39DFB62F224DEAF1976 /* RDLSelection.m in Sources */,
				F8724BD64637BEC16321612C /* RDLItemFactory.m in Sources */,
				5250275BE6477B1E840E227E /* RDLPageGeometry.m in Sources */,
				63831387D03C13A181AB8723 /* RDLRichTextCodec.m in Sources */,
				D17C242A5ED853F3BC70FB66 /* RDLEditingContext.m in Sources */,
				E8880A081A321A477C1AAB6C /* RDLSamples.m in Sources */,
				020F2C1DAA62304129E64EC4 /* RDLExpressionHelper.m in Sources */,
				F8EA04B9F8175CF7FCE6FEAD /* RDLInspectorFields.m in Sources */,
				E228D4FC67E5EEF1D368CD48 /* RDLDesignerWindow.m in Sources */,
				5FD7171BFA64734EE64A729B /* RDLCanvasView.m in Sources */,
				F29A5BF96D9A55FCBD0FB029 /* RDLCanvasRenderer.m in Sources */,
				38DFD0B80CF59D6D976D56DE /* RDLCanvasInteraction.m in Sources */,
				5183FFD88DA6E026AAE53D6A /* RDLInPlaceEditor.m in Sources */,
				6B6DAF647A6EE58446C09711 /* RDLInspectorView.m in Sources */,
				85BB04C24AF971B0EF307C2D /* RDLDataView.m in Sources */,
				3CFA4C175AF1D740B6DCFE09 /* RDLOutlineDataSource.m in Sources */,
				26AF4F929B7D09D4537E8693 /* RDLTabBadge.m in Sources */,
				E59F0A51816E0175BB8E3BED /* DMTabBar.m in Sources */,
				16BD892896D9DFA8B382B39C /* DMTabBarItem.m in Sources */,
				831ECDE46490BDDFA993A689 /* RDLExpressionField.m in Sources */,
				F2D0801B7F564982F2A71FA6 /* RDLExpressionEditor.m in Sources */,
				8B7001125BF202F1EF6C3563 /* RDLInsertPalette.m in Sources */,
				E6A792B40CC80E2A37A9C437 /* RDLFieldInspectorView.m in Sources */,
				C76E850AF8CE40F9D17DF932 /* RDLTablixEditor.m in Sources */,
				AA03DSFIELDS000000001 /* RDLDatasetFieldsView.m in Sources */,
				AA03DSNAV000000000001 /* RDLDatasetNavigator.m in Sources */,
				C76E850BF8CE40F9D17DF933 /* RDLRichTextEditor.m in Sources */,
				0EF8A1B103C3BAC6DA99890B /* RDLRichTextFormatter.m in Sources */,
				9A0DF837B69B19F10D27BD5E /* RDLNewReport.m in Sources */,
				C00014D4136BD4D999A82A59 /* RDLNewReportPanel.m in Sources */,
			);
			runOnlyForDeploymentPostprocessing = 0;
		};
		BBD96B25C463E4F2194995B6 /* Sources */ = {
			isa = PBXSourcesBuildPhase;
			buildActionMask = 2147483647;
			files = (
				B26A7C3A723BEC23D0FF517E /* RDLReport.m in Sources */,
				F0908E034271ACFC6E8487F5 /* RDLParser.m in Sources */,
				F56E72CC18EFFE5521469BD5 /* RDLExpression.m in Sources */,
				A09D0BF40CC7E5EB0B51E9AB /* RDLExpressionCatalog.m in Sources */,
				247A1B99F9F61E2ED8DBF10A /* RDLLayoutEngine.m in Sources */,
				7DEB25C2F77B206818A7D8EA /* RDLView.m in Sources */,
				2F259D5D4809D39F5BB5823F /* RDLHTMLBackend.m in Sources */,
				2F55F4B8430F65CA1B7BAA0C /* RDLPDFBackend.m in Sources */,
				4AF1F77A5A32574E3B420A9A /* RDLGenerator.m in Sources */,
				C7672FC0C1C9128C5B0534F7 /* RDLTextAttributes.m in Sources */,
				7F76015BA9F94F61D881BA25 /* RDLUpgrader.m in Sources */,
				591545F14DDDF7A8CDCA8180 /* RDLChartRenderer.m in Sources */,
				D698F948027CE30144A0F09A /* RDLChecker.m in Sources */,
				C8A9185493F7171DA48DFF44 /* RDLZipArchive.m in Sources */,
				30D1ADC2BBA917E2AC326515 /* RDLDocxReader.m in Sources */,
				DB1D9F53F0A81F287AB8D9FC /* RDLImporter.m in Sources */,
			);
			runOnlyForDeploymentPostprocessing = 0;
		};
/* End PBXSourcesBuildPhase section */

/* Begin PBXTargetDependency section */
		64DBFE94FE71CE6DE9455536 /* PBXTargetDependency */ = {
			isa = PBXTargetDependency;
			target = F14379BD3391DC97D94E4AC2 /* RDLKit */;
			targetProxy = B760B800B89BAE98CD9E710D /* PBXContainerItemProxy */;
		};
		B2F3F811EAE5F5276803D36F /* PBXTargetDependency */ = {
			isa = PBXTargetDependency;
			target = F14379BD3391DC97D94E4AC2 /* RDLKit */;
			targetProxy = 9AE740AE55254BE9D01795A9 /* PBXContainerItemProxy */;
		};
		BDB8DF0A5AE8AFF9CE59BB30 /* PBXTargetDependency */ = {
			isa = PBXTargetDependency;
			target = F14379BD3391DC97D94E4AC2 /* RDLKit */;
			targetProxy = 62ED8AF6CF85286BDA7F1DB9 /* PBXContainerItemProxy */;
		};
/* End PBXTargetDependency section */

/* Begin XCBuildConfiguration section */
		182A51FDC2717B5F88301B81 /* Release */ = {
			isa = XCBuildConfiguration;
			buildSettings = {
				ASSETCATALOG_COMPILER_APPICON_NAME = "";
				COMBINE_HIDPI_IMAGES = YES;
				CURRENT_PROJECT_VERSION = 1;
				GENERATE_INFOPLIST_FILE = YES;
				INFOPLIST_FILE = "RDLDesigner/RDLDesigner-Info.plist";
				INFOPLIST_KEY_NSHumanReadableCopyright = "";
				INFOPLIST_KEY_NSPrincipalClass = NSApplication;
				LD_RUNPATH_SEARCH_PATHS = (
					"$(inherited)",
					"@executable_path/../Frameworks",
				);
				MARKETING_VERSION = 1.0;
				OTHER_CFLAGS = (
					"-Werror=int-conversion",
					"-Werror=incompatible-pointer-types",
					"-Werror=enum-conversion",
				);
				PRODUCT_BUNDLE_IDENTIFIER = org.rdl.designer;
				PRODUCT_NAME = RDLDesigner;
				USER_HEADER_SEARCH_PATHS = "$(SRCROOT)/RDLKit";
			};
			name = Release;
		};
		1E82542BCCC099F129EC2C05 /* Release */ = {
			isa = XCBuildConfiguration;
			buildSettings = {
				CURRENT_PROJECT_VERSION = 1;
				GENERATE_INFOPLIST_FILE = YES;
				LD_RUNPATH_SEARCH_PATHS = (
					"$(inherited)",
					"@executable_path",
				);
				MARKETING_VERSION = 1.0;
				OTHER_CFLAGS = (
					"-Werror=int-conversion",
					"-Werror=incompatible-pointer-types",
					"-Werror=enum-conversion",
				);
				PRODUCT_BUNDLE_IDENTIFIER = org.rdl.demo;
				PRODUCT_NAME = rdlgen;
				SKIP_INSTALL = YES;
				USER_HEADER_SEARCH_PATHS = "$(SRCROOT)/RDLKit";
			};
			name = Release;
		};
		269E4B462DFFA0C9FF7D4059 /* Debug */ = {
			isa = XCBuildConfiguration;
			buildSettings = {
				COMBINE_HIDPI_IMAGES = YES;
				CURRENT_PROJECT_VERSION = 1;
				GENERATE_INFOPLIST_FILE = YES;
				INFOPLIST_FILE = RDLDesignerTests/Info.plist;
				LD_RUNPATH_SEARCH_PATHS = (
					"$(inherited)",
					"@executable_path/../Frameworks",
					"@loader_path/../Frameworks",
				);
				MARKETING_VERSION = 1.0;
				OTHER_CFLAGS = (
					"-Werror=int-conversion",
					"-Werror=incompatible-pointer-types",
					"-Werror=enum-conversion",
				);
				PRODUCT_BUNDLE_IDENTIFIER = org.rdl.designer.tests;
				PRODUCT_NAME = RDLDesignerTests;
				USER_HEADER_SEARCH_PATHS = (
					"$(SRCROOT)/RDLKit",
					"$(SRCROOT)/RDLDesignerTests",
				);
			};
			name = Debug;
		};
		38A4A176E5495D32BCE7DA30 /* Release */ = {
			isa = XCBuildConfiguration;
			buildSettings = {
				COMBINE_HIDPI_IMAGES = YES;
				CURRENT_PROJECT_VERSION = 1;
				DEFINES_MODULE = YES;
				DYLIB_COMPATIBILITY_VERSION = 1;
				DYLIB_CURRENT_VERSION = 1;
				DYLIB_INSTALL_NAME_BASE = "@rpath";
				GENERATE_INFOPLIST_FILE = YES;
				INFOPLIST_KEY_NSHumanReadableCopyright = "";
				INSTALL_PATH = "$(LOCAL_LIBRARY_DIR)/Frameworks";
				LD_RUNPATH_SEARCH_PATHS = (
					"$(inherited)",
					"@executable_path/../Frameworks",
					"@loader_path/Frameworks",
				);
				MARKETING_VERSION = 1.0;
				OTHER_CFLAGS = (
					"-Werror=int-conversion",
					"-Werror=incompatible-pointer-types",
					"-Werror=enum-conversion",
				);
				PRODUCT_BUNDLE_IDENTIFIER = org.rdl.kit;
				PRODUCT_NAME = "$(TARGET_NAME)";
				SKIP_INSTALL = YES;
				USER_HEADER_SEARCH_PATHS = "$(SRCROOT)/RDLKit";
				VERSIONING_SYSTEM = "apple-generic";
				VERSION_INFO_PREFIX = "";
			};
			name = Release;
		};
		416FC2B9280B6B1216F9509E /* Release */ = {
			isa = XCBuildConfiguration;
			buildSettings = {
				COMBINE_HIDPI_IMAGES = YES;
				CURRENT_PROJECT_VERSION = 1;
				GENERATE_INFOPLIST_FILE = YES;
				INFOPLIST_FILE = RDLDesignerTests/Info.plist;
				LD_RUNPATH_SEARCH_PATHS = (
					"$(inherited)",
					"@executable_path/../Frameworks",
					"@loader_path/../Frameworks",
				);
				MARKETING_VERSION = 1.0;
				OTHER_CFLAGS = (
					"-Werror=int-conversion",
					"-Werror=incompatible-pointer-types",
					"-Werror=enum-conversion",
				);
				PRODUCT_BUNDLE_IDENTIFIER = org.rdl.designer.tests;
				PRODUCT_NAME = RDLDesignerTests;
				USER_HEADER_SEARCH_PATHS = (
					"$(SRCROOT)/RDLKit",
					"$(SRCROOT)/RDLDesignerTests",
				);
			};
			name = Release;
		};
		42AD2FE4CEE18DE5596236A3 /* Debug */ = {
			isa = XCBuildConfiguration;
			buildSettings = {
				COMBINE_HIDPI_IMAGES = YES;
				CURRENT_PROJECT_VERSION = 1;
				GENERATE_INFOPLIST_FILE = YES;
				INFOPLIST_FILE = RDLKitTests/Info.plist;
				LD_RUNPATH_SEARCH_PATHS = (
					"$(inherited)",
					"@executable_path/../Frameworks",
					"@loader_path/../Frameworks",
				);
				MARKETING_VERSION = 1.0;
				OTHER_CFLAGS = (
					"-Werror=int-conversion",
					"-Werror=incompatible-pointer-types",
					"-Werror=enum-conversion",
				);
				PRODUCT_BUNDLE_IDENTIFIER = org.rdl.kit.tests;
				PRODUCT_NAME = RDLKitTests;
				USER_HEADER_SEARCH_PATHS = (
					"$(SRCROOT)/RDLKit",
					"$(SRCROOT)/RDLKitTests",
				);
			};
			name = Debug;
		};
		45B7B0EE735BFAB070FEB643 /* Debug */ = {
			isa = XCBuildConfiguration;
			buildSettings = {
				ASSETCATALOG_COMPILER_APPICON_NAME = "";
				COMBINE_HIDPI_IMAGES = YES;
				CURRENT_PROJECT_VERSION = 1;
				GENERATE_INFOPLIST_FILE = YES;
				INFOPLIST_FILE = "RDLDesigner/RDLDesigner-Info.plist";
				INFOPLIST_KEY_NSHumanReadableCopyright = "";
				INFOPLIST_KEY_NSPrincipalClass = NSApplication;
				LD_RUNPATH_SEARCH_PATHS = (
					"$(inherited)",
					"@executable_path/../Frameworks",
				);
				MARKETING_VERSION = 1.0;
				OTHER_CFLAGS = (
					"-Werror=int-conversion",
					"-Werror=incompatible-pointer-types",
					"-Werror=enum-conversion",
				);
				PRODUCT_BUNDLE_IDENTIFIER = org.rdl.designer;
				PRODUCT_NAME = RDLDesigner;
				USER_HEADER_SEARCH_PATHS = "$(SRCROOT)/RDLKit";
			};
			name = Debug;
		};
		5CEF03E672B96387AF8D2893 /* Release */ = {
			isa = XCBuildConfiguration;
			buildSettings = {
				COMBINE_HIDPI_IMAGES = YES;
				CURRENT_PROJECT_VERSION = 1;
				GENERATE_INFOPLIST_FILE = YES;
				INFOPLIST_FILE = RDLKitTests/Info.plist;
				LD_RUNPATH_SEARCH_PATHS = (
					"$(inherited)",
					"@executable_path/../Frameworks",
					"@loader_path/../Frameworks",
				);
				MARKETING_VERSION = 1.0;
				OTHER_CFLAGS = (
					"-Werror=int-conversion",
					"-Werror=incompatible-pointer-types",
					"-Werror=enum-conversion",
				);
				PRODUCT_BUNDLE_IDENTIFIER = org.rdl.kit.tests;
				PRODUCT_NAME = RDLKitTests;
				USER_HEADER_SEARCH_PATHS = (
					"$(SRCROOT)/RDLKit",
					"$(SRCROOT)/RDLKitTests",
				);
			};
			name = Release;
		};
		6C24AE4171CCECDC2D082869 /* Debug */ = {
			isa = XCBuildConfiguration;
			buildSettings = {
				CURRENT_PROJECT_VERSION = 1;
				GENERATE_INFOPLIST_FILE = YES;
				LD_RUNPATH_SEARCH_PATHS = (
					"$(inherited)",
					"@executable_path",
				);
				MARKETING_VERSION = 1.0;
				OTHER_CFLAGS = (
					"-Werror=int-conversion",
					"-Werror=incompatible-pointer-types",
					"-Werror=enum-conversion",
				);
				PRODUCT_BUNDLE_IDENTIFIER = org.rdl.demo;
				PRODUCT_NAME = rdlgen;
				SKIP_INSTALL = YES;
				USER_HEADER_SEARCH_PATHS = "$(SRCROOT)/RDLKit";
			};
			name = Debug;
		};
		998A37D93C19C736263CA477 /* Release */ = {
			isa = XCBuildConfiguration;
			buildSettings = {
				ALWAYS_SEARCH_USER_PATHS = NO;
				CLANG_ENABLE_MODULES = YES;
				CLANG_ENABLE_OBJC_ARC = YES;
				CLANG_WARN_BOOL_CONVERSION = YES;
				CLANG_WARN_CONSTANT_CONVERSION = YES;
				CLANG_WARN_EMPTY_BODY = YES;
				CLANG_WARN_ENUM_CONVERSION = YES;
				CLANG_WARN_INT_CONVERSION = YES;
				CLANG_WARN_UNREACHABLE_CODE = YES;
				CLANG_WARN__DUPLICATE_METHOD_MATCH = YES;
				CODE_SIGN_IDENTITY = "-";
				COPY_PHASE_STRIP = NO;
				DEAD_CODE_STRIPPING = YES;
				DEBUG_INFORMATION_FORMAT = "dwarf-with-dsym";
				ENABLE_NS_ASSERTIONS = NO;
				ENABLE_STRICT_OBJC_MSGSEND = YES;
				GCC_C_LANGUAGE_STANDARD = gnu17;
				GCC_NO_COMMON_BLOCKS = YES;
				GCC_WARN_64_TO_32_BIT_CONVERSION = YES;
				GCC_WARN_ABOUT_RETURN_TYPE = YES_ERROR;
				GCC_WARN_UNDECLARED_SELECTOR = YES;
				GCC_WARN_UNINITIALIZED_AUTOS = YES_AGGRESSIVE;
				GCC_WARN_UNUSED_FUNCTION = YES;
				GCC_WARN_UNUSED_VARIABLE = YES;
				MACOSX_DEPLOYMENT_TARGET = 12.0;
				OTHER_CFLAGS = (
					"-Werror=int-conversion",
					"-Werror=incompatible-pointer-types",
					"-Werror=enum-conversion",
				);
				SDKROOT = macosx;
				SUPPORTED_PLATFORMS = macosx;
			};
			name = Release;
		};
		9EE8ACF497BA7F8FC55E62AD /* Debug */ = {
			isa = XCBuildConfiguration;
			buildSettings = {
				COMBINE_HIDPI_IMAGES = YES;
				CURRENT_PROJECT_VERSION = 1;
				DEFINES_MODULE = YES;
				DYLIB_COMPATIBILITY_VERSION = 1;
				DYLIB_CURRENT_VERSION = 1;
				DYLIB_INSTALL_NAME_BASE = "@rpath";
				GENERATE_INFOPLIST_FILE = YES;
				INFOPLIST_KEY_NSHumanReadableCopyright = "";
				INSTALL_PATH = "$(LOCAL_LIBRARY_DIR)/Frameworks";
				LD_RUNPATH_SEARCH_PATHS = (
					"$(inherited)",
					"@executable_path/../Frameworks",
					"@loader_path/Frameworks",
				);
				MARKETING_VERSION = 1.0;
				OTHER_CFLAGS = (
					"-Werror=int-conversion",
					"-Werror=incompatible-pointer-types",
					"-Werror=enum-conversion",
				);
				PRODUCT_BUNDLE_IDENTIFIER = org.rdl.kit;
				PRODUCT_NAME = "$(TARGET_NAME)";
				SKIP_INSTALL = YES;
				USER_HEADER_SEARCH_PATHS = "$(SRCROOT)/RDLKit";
				VERSIONING_SYSTEM = "apple-generic";
				VERSION_INFO_PREFIX = "";
			};
			name = Debug;
		};
		C6181AE73EB95E424D80A5C0 /* Debug */ = {
			isa = XCBuildConfiguration;
			buildSettings = {
				ALWAYS_SEARCH_USER_PATHS = NO;
				CLANG_ENABLE_MODULES = YES;
				CLANG_ENABLE_OBJC_ARC = YES;
				CLANG_WARN_BOOL_CONVERSION = YES;
				CLANG_WARN_CONSTANT_CONVERSION = YES;
				CLANG_WARN_EMPTY_BODY = YES;
				CLANG_WARN_ENUM_CONVERSION = YES;
				CLANG_WARN_INT_CONVERSION = YES;
				CLANG_WARN_UNREACHABLE_CODE = YES;
				CLANG_WARN__DUPLICATE_METHOD_MATCH = YES;
				CODE_SIGN_IDENTITY = "-";
				COPY_PHASE_STRIP = NO;
				DEAD_CODE_STRIPPING = YES;
				DEBUG_INFORMATION_FORMAT = dwarf;
				ENABLE_STRICT_OBJC_MSGSEND = YES;
				ENABLE_TESTABILITY = YES;
				GCC_C_LANGUAGE_STANDARD = gnu17;
				GCC_DYNAMIC_NO_PIC = NO;
				GCC_NO_COMMON_BLOCKS = YES;
				GCC_OPTIMIZATION_LEVEL = 0;
				GCC_PREPROCESSOR_DEFINITIONS = (
					"DEBUG=1",
					"$(inherited)",
				);
				GCC_WARN_64_TO_32_BIT_CONVERSION = YES;
				GCC_WARN_ABOUT_RETURN_TYPE = YES_ERROR;
				GCC_WARN_UNDECLARED_SELECTOR = YES;
				GCC_WARN_UNINITIALIZED_AUTOS = YES_AGGRESSIVE;
				GCC_WARN_UNUSED_FUNCTION = YES;
				GCC_WARN_UNUSED_VARIABLE = YES;
				MACOSX_DEPLOYMENT_TARGET = 12.0;
				ONLY_ACTIVE_ARCH = YES;
				OTHER_CFLAGS = (
					"-Werror=int-conversion",
					"-Werror=incompatible-pointer-types",
					"-Werror=enum-conversion",
				);
				SDKROOT = macosx;
				SUPPORTED_PLATFORMS = macosx;
			};
			name = Debug;
		};
/* End XCBuildConfiguration section */

/* Begin XCConfigurationList section */
		45142A599B36A5D993641B46 /* Build configuration list for PBXNativeTarget "RDLKitTests" */ = {
			isa = XCConfigurationList;
			buildConfigurations = (
				42AD2FE4CEE18DE5596236A3 /* Debug */,
				5CEF03E672B96387AF8D2893 /* Release */,
			);
			defaultConfigurationIsVisible = 0;
			defaultConfigurationName = Release;
		};
		48C5581DF83A7378DF03FAD6 /* Build configuration list for PBXNativeTarget "RDLDesignerTests" */ = {
			isa = XCConfigurationList;
			buildConfigurations = (
				269E4B462DFFA0C9FF7D4059 /* Debug */,
				416FC2B9280B6B1216F9509E /* Release */,
			);
			defaultConfigurationIsVisible = 0;
			defaultConfigurationName = Debug;
		};
		61E44E14228E7449E75C66FE /* Build configuration list for PBXProject "RDLKit" */ = {
			isa = XCConfigurationList;
			buildConfigurations = (
				C6181AE73EB95E424D80A5C0 /* Debug */,
				998A37D93C19C736263CA477 /* Release */,
			);
			defaultConfigurationIsVisible = 0;
			defaultConfigurationName = Release;
		};
		ACD9B0E6AD6D91B1ED390CC2 /* Build configuration list for PBXNativeTarget "RDLGen" */ = {
			isa = XCConfigurationList;
			buildConfigurations = (
				6C24AE4171CCECDC2D082869 /* Debug */,
				1E82542BCCC099F129EC2C05 /* Release */,
			);
			defaultConfigurationIsVisible = 0;
			defaultConfigurationName = Release;
		};
		B32609AB0116718037E776D2 /* Build configuration list for PBXNativeTarget "RDLDesigner" */ = {
			isa = XCConfigurationList;
			buildConfigurations = (
				45B7B0EE735BFAB070FEB643 /* Debug */,
				182A51FDC2717B5F88301B81 /* Release */,
			);
			defaultConfigurationIsVisible = 0;
			defaultConfigurationName = Release;
		};
		C6DC951750BAB4FF5516E1E3 /* Build configuration list for PBXNativeTarget "RDLKit" */ = {
			isa = XCConfigurationList;
			buildConfigurations = (
				9EE8ACF497BA7F8FC55E62AD /* Debug */,
				38A4A176E5495D32BCE7DA30 /* Release */,
			);
			defaultConfigurationIsVisible = 0;
			defaultConfigurationName = Release;
		};
/* End XCConfigurationList section */
	};
	rootObject = 98F54143AB4E86B28C3AFEE0 /* Project object */;
}
