<?xml version="1.0" encoding="UTF-8"?>
<Scheme
   LastUpgradeVersion = "1500"
   version = "1.7">
   <BuildAction
      parallelizeBuildables = "YES"
      buildImplicitDependencies = "YES">
      <BuildActionEntries>
         <BuildActionEntry
            buildForTesting = "YES"
            buildForRunning = "YES"
            buildForProfiling = "YES"
            buildForArchiving = "YES"
            buildForAnalyzing = "YES">
            <BuildableReference
               BuildableIdentifier = "primary"
               BlueprintIdentifier = "45C98D5FCE3016A4889B25F4"
               BuildableName = "PicaKitTests.xctest"
               BlueprintName = "PicaKitTests"
               ReferencedContainer = "container:RDLKit.xcodeproj">
            </BuildableReference>
         </BuildActionEntry>
         <BuildActionEntry
            buildForTesting = "YES"
            buildForRunning = "YES"
            buildForProfiling = "YES"
            buildForArchiving = "YES"
            buildForAnalyzing = "YES">
            <BuildableReference
               BuildableIdentifier = "primary"
               BlueprintIdentifier = "F14379BD3391DC97D94E4AC2"
               BuildableName = "PicaKit.framework"
               BlueprintName = "PicaKit"
               ReferencedContainer = "container:RDLKit.xcodeproj">
            </BuildableReference>
         </BuildActionEntry>

      </BuildActionEntries>
   </BuildAction>

   <TestAction
      buildConfiguration = "Debug"
      selectedDebuggerIdentifier = "Xcode.DebuggerFoundation.Debugger.LLDB"
      selectedLauncherIdentifier = "Xcode.DebuggerFoundation.Launcher.LLDB"
      shouldUseLaunchSchemeArgsEnv = "YES">
      <Testables>
         <TestableReference
            skipped = "NO"
            parallelizable = "YES">
            <BuildableReference
               BuildableIdentifier = "primary"
               BlueprintIdentifier = "45C98D5FCE3016A4889B25F4"
               BuildableName = "PicaKitTests.xctest"
               BlueprintName = "PicaKitTests"
               ReferencedContainer = "container:RDLKit.xcodeproj">
            </BuildableReference>
         </TestableReference>
      </Testables>
   </TestAction>


   <LaunchAction
      useCustomWorkingDirectory = "NO"
      shouldUseLaunchSchemeArgsEnv = "YES"
      buildConfiguration = "Debug">
   </LaunchAction>

   <ProfileAction
      shouldUseLaunchSchemeArgsEnv = "YES"
      savedToolIdentifier = ""
      useCustomWorkingDirectory = "NO"
      buildConfiguration = "Release">
   </ProfileAction>
   <AnalyzeAction
      buildConfiguration = "Debug">
   </AnalyzeAction>
   <ArchiveAction
      buildConfiguration = "Release"
      revealArchiveInOrganizer = "YES">
   </ArchiveAction>
</Scheme>
